// !$*UTF8*$!
{
	archiveVersion = 1;
	classes = {
	};
	objectVersion = 46;
	objects = {

/* Begin PBXAggregateTarget section */
		37EBA2411B571C4C0010CB75 /* Framework */ = {
			isa = PBXAggregateTarget;
			buildConfigurationList = 37EBA2421B571C4C0010CB75 /* Build configuration list for PBXAggregateTarget "Framework" */;
			buildPhases = (
				37EBA2451B571C530010CB75 /* ShellScript */,
			);
			dependencies = (
				37EBA2471B571C5D0010CB75 /* PBXTargetDependency */,
			);
			name = Framework;
			productName = Framework;
		};
/* End PBXAggregateTarget section */

/* Begin PBXBuildFile section */
		37A759F71B56F70E00E6E9E2 /* Tealium.m in Sources */ = {isa = PBXBuildFile; fileRef = 37A759F61B56F70E00E6E9E2 /* Tealium.m */; };
		37A759FD1B56F70E00E6E9E2 /* libTealium.a in Frameworks */ = {isa = PBXBuildFile; fileRef = 37A759F11B56F70E00E6E9E2 /* libTealium.a */; };
		37A75A701B56F7C200E6E9E2 /* TEALDatasourceConstants.m in Sources */ = {isa = PBXBuildFile; fileRef = 37A75A0E1B56F7C200E6E9E2 /* TEALDatasourceConstants.m */; };
		37A75A751B56F7C200E6E9E2 /* TEALNetworkHelpers.m in Sources */ = {isa = PBXBuildFile; fileRef = 37A75A1A1B56F7C200E6E9E2 /* TEALNetworkHelpers.m */; };
		37A75A841B56F7C200E6E9E2 /* TEALActionQueueManager.m in Sources */ = {isa = PBXBuildFile; fileRef = 37A75A3E1B56F7C200E6E9E2 /* TEALActionQueueManager.m */; };
		37A75A851B56F7C200E6E9E2 /* TEALError.m in Sources */ = {isa = PBXBuildFile; fileRef = 37A75A401B56F7C200E6E9E2 /* TEALError.m */; };
		37A75A861B56F7C200E6E9E2 /* TEALLogger.m in Sources */ = {isa = PBXBuildFile; fileRef = 37A75A421B56F7C200E6E9E2 /* TEALLogger.m */; };
		37A75A871B56F7C200E6E9E2 /* TEALOperationManager.m in Sources */ = {isa = PBXBuildFile; fileRef = 37A75A441B56F7C200E6E9E2 /* TEALOperationManager.m */; };
		37A75A881B56F7C200E6E9E2 /* TEALSystemHelpers.m in Sources */ = {isa = PBXBuildFile; fileRef = 37A75A461B56F7C200E6E9E2 /* TEALSystemHelpers.m */; };
		37A75A991B57050400E6E9E2 /* TEALDatasourceConstants.h in Headers */ = {isa = PBXBuildFile; fileRef = 37A75A0D1B56F7C200E6E9E2 /* TEALDatasourceConstants.h */; settings = {ATTRIBUTES = (Public, ); }; };
		37A75A9E1B57050400E6E9E2 /* TEALNetworkHelpers.h in Headers */ = {isa = PBXBuildFile; fileRef = 37A75A191B56F7C200E6E9E2 /* TEALNetworkHelpers.h */; settings = {ATTRIBUTES = (Public, ); }; };
		37A75AAF1B57050400E6E9E2 /* TEALActionQueueManager.h in Headers */ = {isa = PBXBuildFile; fileRef = 37A75A3D1B56F7C200E6E9E2 /* TEALActionQueueManager.h */; settings = {ATTRIBUTES = (Public, ); }; };
		37A75AB01B57050400E6E9E2 /* TEALError.h in Headers */ = {isa = PBXBuildFile; fileRef = 37A75A3F1B56F7C200E6E9E2 /* TEALError.h */; settings = {ATTRIBUTES = (Public, ); }; };
		37A75AB11B57050400E6E9E2 /* TEALLogger.h in Headers */ = {isa = PBXBuildFile; fileRef = 37A75A411B56F7C200E6E9E2 /* TEALLogger.h */; settings = {ATTRIBUTES = (Public, ); }; };
		37A75AB21B57050400E6E9E2 /* TEALOperationManager.h in Headers */ = {isa = PBXBuildFile; fileRef = 37A75A431B56F7C200E6E9E2 /* TEALOperationManager.h */; settings = {ATTRIBUTES = (Public, ); }; };
		37A75AB31B57050400E6E9E2 /* TEALSystemHelpers.h in Headers */ = {isa = PBXBuildFile; fileRef = 37A75A451B56F7C200E6E9E2 /* TEALSystemHelpers.h */; settings = {ATTRIBUTES = (Public, ); }; };
		37A75AB41B57050400E6E9E2 /* TEALSystemProtocols.h in Headers */ = {isa = PBXBuildFile; fileRef = 37A75A471B56F7C200E6E9E2 /* TEALSystemProtocols.h */; settings = {ATTRIBUTES = (Public, ); }; };
		37A75AC51B57050400E6E9E2 /* Tealium.h in Headers */ = {isa = PBXBuildFile; fileRef = 37A759F41B56F70E00E6E9E2 /* Tealium.h */; settings = {ATTRIBUTES = (Public, ); }; };
		7115BA5B1B6BF1120072F3A4 /* TEALDatasourceStore.h in Headers */ = {isa = PBXBuildFile; fileRef = 7115BA591B6BF1120072F3A4 /* TEALDatasourceStore.h */; settings = {ATTRIBUTES = (Public, ); }; };
		7115BA5C1B6BF1120072F3A4 /* TEALDatasourceStore.m in Sources */ = {isa = PBXBuildFile; fileRef = 7115BA5A1B6BF1120072F3A4 /* TEALDatasourceStore.m */; };
		7123B5E71B6BB7A800EA308C /* NSArray+Tealium.h in Headers */ = {isa = PBXBuildFile; fileRef = 7123B5CA1B6BB7A800EA308C /* NSArray+Tealium.h */; settings = {ATTRIBUTES = (Public, ); }; };
		7123B5E81B6BB7A800EA308C /* NSArray+Tealium.m in Sources */ = {isa = PBXBuildFile; fileRef = 7123B5CB1B6BB7A800EA308C /* NSArray+Tealium.m */; };
		7123B5E91B6BB7A800EA308C /* NSArray+Tealium.m in Sources */ = {isa = PBXBuildFile; fileRef = 7123B5CB1B6BB7A800EA308C /* NSArray+Tealium.m */; };
		7123B5EA1B6BB7A800EA308C /* NSDate+Tealium.h in Headers */ = {isa = PBXBuildFile; fileRef = 7123B5CC1B6BB7A800EA308C /* NSDate+Tealium.h */; settings = {ATTRIBUTES = (Public, ); }; };
		7123B5EB1B6BB7A800EA308C /* NSDate+Tealium.m in Sources */ = {isa = PBXBuildFile; fileRef = 7123B5CD1B6BB7A800EA308C /* NSDate+Tealium.m */; };
		7123B5EC1B6BB7A800EA308C /* NSDate+Tealium.m in Sources */ = {isa = PBXBuildFile; fileRef = 7123B5CD1B6BB7A800EA308C /* NSDate+Tealium.m */; };
		7123B5ED1B6BB7A800EA308C /* NSDictionary+Tealium.h in Headers */ = {isa = PBXBuildFile; fileRef = 7123B5CE1B6BB7A800EA308C /* NSDictionary+Tealium.h */; settings = {ATTRIBUTES = (Public, ); }; };
		7123B5EE1B6BB7A800EA308C /* NSDictionary+Tealium.m in Sources */ = {isa = PBXBuildFile; fileRef = 7123B5CF1B6BB7A800EA308C /* NSDictionary+Tealium.m */; };
		7123B5EF1B6BB7A800EA308C /* NSDictionary+Tealium.m in Sources */ = {isa = PBXBuildFile; fileRef = 7123B5CF1B6BB7A800EA308C /* NSDictionary+Tealium.m */; };
		7123B5F01B6BB7A800EA308C /* NSObject+Tealium.h in Headers */ = {isa = PBXBuildFile; fileRef = 7123B5D01B6BB7A800EA308C /* NSObject+Tealium.h */; settings = {ATTRIBUTES = (Public, ); }; };
		7123B5F11B6BB7A800EA308C /* NSObject+Tealium.m in Sources */ = {isa = PBXBuildFile; fileRef = 7123B5D11B6BB7A800EA308C /* NSObject+Tealium.m */; };
		7123B5F21B6BB7A800EA308C /* NSObject+Tealium.m in Sources */ = {isa = PBXBuildFile; fileRef = 7123B5D11B6BB7A800EA308C /* NSObject+Tealium.m */; };
		7123B5F31B6BB7A800EA308C /* NSString+Tealium.h in Headers */ = {isa = PBXBuildFile; fileRef = 7123B5D21B6BB7A800EA308C /* NSString+Tealium.h */; settings = {ATTRIBUTES = (Public, ); }; };
		7123B5F41B6BB7A800EA308C /* NSString+Tealium.m in Sources */ = {isa = PBXBuildFile; fileRef = 7123B5D31B6BB7A800EA308C /* NSString+Tealium.m */; };
		7123B5F51B6BB7A800EA308C /* NSString+Tealium.m in Sources */ = {isa = PBXBuildFile; fileRef = 7123B5D31B6BB7A800EA308C /* NSString+Tealium.m */; };
		7123B5F61B6BB7A800EA308C /* UIColor+Tealium.h in Headers */ = {isa = PBXBuildFile; fileRef = 7123B5D41B6BB7A800EA308C /* UIColor+Tealium.h */; settings = {ATTRIBUTES = (Public, ); }; };
		7123B5F71B6BB7A800EA308C /* UIColor+Tealium.m in Sources */ = {isa = PBXBuildFile; fileRef = 7123B5D51B6BB7A800EA308C /* UIColor+Tealium.m */; };
		7123B5F81B6BB7A800EA308C /* UIColor+Tealium.m in Sources */ = {isa = PBXBuildFile; fileRef = 7123B5D51B6BB7A800EA308C /* UIColor+Tealium.m */; };
		7123B5F91B6BB7A800EA308C /* UIImage+Tealium.h in Headers */ = {isa = PBXBuildFile; fileRef = 7123B5D61B6BB7A800EA308C /* UIImage+Tealium.h */; settings = {ATTRIBUTES = (Public, ); }; };
		7123B5FA1B6BB7A800EA308C /* UIImage+Tealium.m in Sources */ = {isa = PBXBuildFile; fileRef = 7123B5D71B6BB7A800EA308C /* UIImage+Tealium.m */; };
		7123B5FB1B6BB7A800EA308C /* UIImage+Tealium.m in Sources */ = {isa = PBXBuildFile; fileRef = 7123B5D71B6BB7A800EA308C /* UIImage+Tealium.m */; };
		7123B6011B6BB7A800EA308C /* TEALSimpleNetworkManager.h in Headers */ = {isa = PBXBuildFile; fileRef = 7123B5DE1B6BB7A800EA308C /* TEALSimpleNetworkManager.h */; settings = {ATTRIBUTES = (Public, ); }; };
		7123B6021B6BB7A800EA308C /* TEALSimpleNetworkManager.m in Sources */ = {isa = PBXBuildFile; fileRef = 7123B5DF1B6BB7A800EA308C /* TEALSimpleNetworkManager.m */; };
		7123B6031B6BB7A800EA308C /* TEALSimpleNetworkManager.m in Sources */ = {isa = PBXBuildFile; fileRef = 7123B5DF1B6BB7A800EA308C /* TEALSimpleNetworkManager.m */; };
		7123B6041B6BB7A800EA308C /* TEALDataQueue+PrivateHeaders.h in Headers */ = {isa = PBXBuildFile; fileRef = 7123B5E11B6BB7A800EA308C /* TEALDataQueue+PrivateHeaders.h */; settings = {ATTRIBUTES = (Public, ); }; };
		7123B6051B6BB7A800EA308C /* TEALDataQueue.h in Headers */ = {isa = PBXBuildFile; fileRef = 7123B5E21B6BB7A800EA308C /* TEALDataQueue.h */; settings = {ATTRIBUTES = (Public, ); }; };
		7123B6061B6BB7A800EA308C /* TEALDataQueue.m in Sources */ = {isa = PBXBuildFile; fileRef = 7123B5E31B6BB7A800EA308C /* TEALDataQueue.m */; };
		7123B6071B6BB7A800EA308C /* TEALDataQueue.m in Sources */ = {isa = PBXBuildFile; fileRef = 7123B5E31B6BB7A800EA308C /* TEALDataQueue.m */; };
		7123B60C1B6BB81600EA308C /* TEALDispatchConstants.h in Headers */ = {isa = PBXBuildFile; fileRef = 7123B60B1B6BB81600EA308C /* TEALDispatchConstants.h */; settings = {ATTRIBUTES = (Public, ); }; };
		7167F8A31B6AD49B00C3568D /* TEALPublishSettings.h in Headers */ = {isa = PBXBuildFile; fileRef = 7167F8A11B6AD49B00C3568D /* TEALPublishSettings.h */; settings = {ATTRIBUTES = (Public, ); }; };
		7167F8A41B6AD49B00C3568D /* TEALPublishSettings.m in Sources */ = {isa = PBXBuildFile; fileRef = 7167F8A21B6AD49B00C3568D /* TEALPublishSettings.m */; };
		7167F8A71B6AFD8D00C3568D /* TEALSettings.h in Headers */ = {isa = PBXBuildFile; fileRef = 7167F8A51B6AFD8D00C3568D /* TEALSettings.h */; settings = {ATTRIBUTES = (Public, ); }; };
		7167F8A81B6AFD8D00C3568D /* TEALSettings.m in Sources */ = {isa = PBXBuildFile; fileRef = 7167F8A61B6AFD8D00C3568D /* TEALSettings.m */; };
		7167F8AB1B6B035D00C3568D /* TEALPublishSettingsStore.h in Headers */ = {isa = PBXBuildFile; fileRef = 7167F8A91B6B035D00C3568D /* TEALPublishSettingsStore.h */; settings = {ATTRIBUTES = (Public, ); }; };
		7167F8AC1B6B035D00C3568D /* TEALPublishSettingsStore.m in Sources */ = {isa = PBXBuildFile; fileRef = 7167F8AA1B6B035D00C3568D /* TEALPublishSettingsStore.m */; };
		7167F8AD1B6B21F400C3568D /* TEALSettings.m in Sources */ = {isa = PBXBuildFile; fileRef = 7167F8A61B6AFD8D00C3568D /* TEALSettings.m */; };
		7167F8AE1B6B21F700C3568D /* TEALPublishSettingsStore.m in Sources */ = {isa = PBXBuildFile; fileRef = 7167F8AA1B6B035D00C3568D /* TEALPublishSettingsStore.m */; };
		7167F8AF1B6B21FB00C3568D /* TEALPublishSettings.m in Sources */ = {isa = PBXBuildFile; fileRef = 7167F8A21B6AD49B00C3568D /* TEALPublishSettings.m */; };
		7167F8B01B6B21FE00C3568D /* TEALConfiguration.m in Sources */ = {isa = PBXBuildFile; fileRef = 71F041DA1B694D8C00A8E27F /* TEALConfiguration.m */; };
		71DCA7B01B59547D001706CF /* TEALDispatchNetworkService.h in Headers */ = {isa = PBXBuildFile; fileRef = 71DCA7AF1B59547D001706CF /* TEALDispatchNetworkService.h */; settings = {ATTRIBUTES = (Public, ); }; };
		71DCA7C31B5971D0001706CF /* TEALDispatch.h in Headers */ = {isa = PBXBuildFile; fileRef = 71DCA7C11B5971D0001706CF /* TEALDispatch.h */; settings = {ATTRIBUTES = (Public, ); }; };
		71DCA7C41B5971D0001706CF /* TEALDispatch.m in Sources */ = {isa = PBXBuildFile; fileRef = 71DCA7C21B5971D0001706CF /* TEALDispatch.m */; };
		71DCA7C71B599E60001706CF /* TEALApplicationLifecycle.h in Headers */ = {isa = PBXBuildFile; fileRef = 71DCA7C51B599E60001706CF /* TEALApplicationLifecycle.h */; settings = {ATTRIBUTES = (Public, ); }; };
		71DCA7C81B599E60001706CF /* TEALApplicationLifecycle.m in Sources */ = {isa = PBXBuildFile; fileRef = 71DCA7C61B599E60001706CF /* TEALApplicationLifecycle.m */; };
		71DE10031B7ED09300346F33 /* TEALBlocks.h in Headers */ = {isa = PBXBuildFile; fileRef = 71DE10021B7ED09300346F33 /* TEALBlocks.h */; settings = {ATTRIBUTES = (Public, ); }; };
		71DE100F1B7ED0F700346F33 /* TEALAutotrackDataSources.h in Headers */ = {isa = PBXBuildFile; fileRef = 71DE10051B7ED0F700346F33 /* TEALAutotrackDataSources.h */; settings = {ATTRIBUTES = (Public, ); }; };
		71DE10101B7ED0F700346F33 /* TEALAutotrackDataSources.m in Sources */ = {isa = PBXBuildFile; fileRef = 71DE10061B7ED0F700346F33 /* TEALAutotrackDataSources.m */; };
		71DE10111B7ED0F700346F33 /* TEALAutotrackDataSources.m in Sources */ = {isa = PBXBuildFile; fileRef = 71DE10061B7ED0F700346F33 /* TEALAutotrackDataSources.m */; };
		71DE10121B7ED0F700346F33 /* TEALAutotrackingManager.h in Headers */ = {isa = PBXBuildFile; fileRef = 71DE10071B7ED0F700346F33 /* TEALAutotrackingManager.h */; settings = {ATTRIBUTES = (Public, ); }; };
		71DE10131B7ED0F700346F33 /* TEALAutotrackingManager.m in Sources */ = {isa = PBXBuildFile; fileRef = 71DE10081B7ED0F700346F33 /* TEALAutotrackingManager.m */; };
		71DE10141B7ED0F700346F33 /* TEALAutotrackingManager.m in Sources */ = {isa = PBXBuildFile; fileRef = 71DE10081B7ED0F700346F33 /* TEALAutotrackingManager.m */; };
		71DE10151B7ED0F700346F33 /* UIApplication+Tealium.h in Headers */ = {isa = PBXBuildFile; fileRef = 71DE10091B7ED0F700346F33 /* UIApplication+Tealium.h */; settings = {ATTRIBUTES = (Public, ); }; };
		71DE10161B7ED0F700346F33 /* UIApplication+Tealium.m in Sources */ = {isa = PBXBuildFile; fileRef = 71DE100A1B7ED0F700346F33 /* UIApplication+Tealium.m */; };
		71DE10171B7ED0F700346F33 /* UIApplication+Tealium.m in Sources */ = {isa = PBXBuildFile; fileRef = 71DE100A1B7ED0F700346F33 /* UIApplication+Tealium.m */; };
		71DE101B1B7ED0F700346F33 /* UIViewController+Tealium.h in Headers */ = {isa = PBXBuildFile; fileRef = 71DE100D1B7ED0F700346F33 /* UIViewController+Tealium.h */; settings = {ATTRIBUTES = (Public, ); }; };
		71DE101C1B7ED0F700346F33 /* UIViewController+Tealium.m in Sources */ = {isa = PBXBuildFile; fileRef = 71DE100E1B7ED0F700346F33 /* UIViewController+Tealium.m */; };
		71DE101D1B7ED0F700346F33 /* UIViewController+Tealium.m in Sources */ = {isa = PBXBuildFile; fileRef = 71DE100E1B7ED0F700346F33 /* UIViewController+Tealium.m */; };
		71DE10261B7ED16600346F33 /* TEALCollectNetworkService.h in Headers */ = {isa = PBXBuildFile; fileRef = 71DE101F1B7ED16600346F33 /* TEALCollectNetworkService.h */; settings = {ATTRIBUTES = (Public, ); }; };
		71DE10271B7ED16600346F33 /* TEALCollectNetworkService.m in Sources */ = {isa = PBXBuildFile; fileRef = 71DE10201B7ED16600346F33 /* TEALCollectNetworkService.m */; };
		71DE10281B7ED16600346F33 /* TEALCollectNetworkService.m in Sources */ = {isa = PBXBuildFile; fileRef = 71DE10201B7ED16600346F33 /* TEALCollectNetworkService.m */; };
		71DE10291B7ED16600346F33 /* TEALTagNetworkService.h in Headers */ = {isa = PBXBuildFile; fileRef = 71DE10221B7ED16600346F33 /* TEALTagNetworkService.h */; settings = {ATTRIBUTES = (Public, ); }; };
		71DE102A1B7ED16600346F33 /* TEALTagNetworkService.m in Sources */ = {isa = PBXBuildFile; fileRef = 71DE10231B7ED16600346F33 /* TEALTagNetworkService.m */; };
		71DE102B1B7ED16600346F33 /* TEALTagNetworkService.m in Sources */ = {isa = PBXBuildFile; fileRef = 71DE10231B7ED16600346F33 /* TEALTagNetworkService.m */; };
		71DE102C1B7ED16600346F33 /* TEALURLSessionManager.h in Headers */ = {isa = PBXBuildFile; fileRef = 71DE10241B7ED16600346F33 /* TEALURLSessionManager.h */; settings = {ATTRIBUTES = (Public, ); }; };
		71DE102D1B7ED16600346F33 /* TEALURLSessionManager.m in Sources */ = {isa = PBXBuildFile; fileRef = 71DE10251B7ED16600346F33 /* TEALURLSessionManager.m */; };
		71DE102E1B7ED16600346F33 /* TEALURLSessionManager.m in Sources */ = {isa = PBXBuildFile; fileRef = 71DE10251B7ED16600346F33 /* TEALURLSessionManager.m */; };
		71DE10311B7ED3D200346F33 /* TEALDatasources.h in Headers */ = {isa = PBXBuildFile; fileRef = 71DE102F1B7ED3D200346F33 /* TEALDatasources.h */; settings = {ATTRIBUTES = (Public, ); }; };
		71DE10321B7ED3D200346F33 /* TEALDatasources.m in Sources */ = {isa = PBXBuildFile; fileRef = 71DE10301B7ED3D200346F33 /* TEALDatasources.m */; };
		71DE10361B7ED48E00346F33 /* TEALSharedDatasources.h in Headers */ = {isa = PBXBuildFile; fileRef = 71DE10341B7ED48E00346F33 /* TEALSharedDatasources.h */; settings = {ATTRIBUTES = (Public, ); }; };
		71DE10371B7ED48E00346F33 /* TEALSharedDatasources.m in Sources */ = {isa = PBXBuildFile; fileRef = 71DE10351B7ED48E00346F33 /* TEALSharedDatasources.m */; };
		71DE10571B7F8A5100346F33 /* TEALVisitorProfile+PrivateHeader.h in Headers */ = {isa = PBXBuildFile; fileRef = 71DE103F1B7F8A5100346F33 /* TEALVisitorProfile+PrivateHeader.h */; settings = {ATTRIBUTES = (Public, ); }; };
		71DE10581B7F8A5100346F33 /* TEALVisitorProfile.h in Headers */ = {isa = PBXBuildFile; fileRef = 71DE10401B7F8A5100346F33 /* TEALVisitorProfile.h */; settings = {ATTRIBUTES = (Public, ); }; };
		71DE10591B7F8A5100346F33 /* TEALVisitorProfile.m in Sources */ = {isa = PBXBuildFile; fileRef = 71DE10411B7F8A5100346F33 /* TEALVisitorProfile.m */; };
		71DE105A1B7F8A5100346F33 /* TEALVisitorProfileAudienceAttribute.h in Headers */ = {isa = PBXBuildFile; fileRef = 71DE10421B7F8A5100346F33 /* TEALVisitorProfileAudienceAttribute.h */; settings = {ATTRIBUTES = (Public, ); }; };
		71DE105B1B7F8A5100346F33 /* TEALVisitorProfileAudienceAttribute.m in Sources */ = {isa = PBXBuildFile; fileRef = 71DE10431B7F8A5100346F33 /* TEALVisitorProfileAudienceAttribute.m */; };
		71DE105C1B7F8A5100346F33 /* TEALVisitorProfileBadgeAttribute.h in Headers */ = {isa = PBXBuildFile; fileRef = 71DE10441B7F8A5100346F33 /* TEALVisitorProfileBadgeAttribute.h */; settings = {ATTRIBUTES = (Public, ); }; };
		71DE105D1B7F8A5100346F33 /* TEALVisitorProfileBadgeAttribute.m in Sources */ = {isa = PBXBuildFile; fileRef = 71DE10451B7F8A5100346F33 /* TEALVisitorProfileBadgeAttribute.m */; };
		71DE105E1B7F8A5100346F33 /* TEALVisitorProfileBaseAttribute.h in Headers */ = {isa = PBXBuildFile; fileRef = 71DE10461B7F8A5100346F33 /* TEALVisitorProfileBaseAttribute.h */; settings = {ATTRIBUTES = (Public, ); }; };
		71DE105F1B7F8A5100346F33 /* TEALVisitorProfileBaseAttribute.m in Sources */ = {isa = PBXBuildFile; fileRef = 71DE10471B7F8A5100346F33 /* TEALVisitorProfileBaseAttribute.m */; };
		71DE10601B7F8A5100346F33 /* TEALVisitorProfileCurrentVisit.h in Headers */ = {isa = PBXBuildFile; fileRef = 71DE10481B7F8A5100346F33 /* TEALVisitorProfileCurrentVisit.h */; settings = {ATTRIBUTES = (Public, ); }; };
		71DE10611B7F8A5100346F33 /* TEALVisitorProfileCurrentVisit.m in Sources */ = {isa = PBXBuildFile; fileRef = 71DE10491B7F8A5100346F33 /* TEALVisitorProfileCurrentVisit.m */; };
		71DE10621B7F8A5100346F33 /* TEALVisitorProfileDateAttribute.h in Headers */ = {isa = PBXBuildFile; fileRef = 71DE104A1B7F8A5100346F33 /* TEALVisitorProfileDateAttribute.h */; settings = {ATTRIBUTES = (Public, ); }; };
		71DE10631B7F8A5100346F33 /* TEALVisitorProfileDateAttribute.m in Sources */ = {isa = PBXBuildFile; fileRef = 71DE104B1B7F8A5100346F33 /* TEALVisitorProfileDateAttribute.m */; };
		71DE10641B7F8A5100346F33 /* TEALVisitorProfileFlagAttribute.h in Headers */ = {isa = PBXBuildFile; fileRef = 71DE104C1B7F8A5100346F33 /* TEALVisitorProfileFlagAttribute.h */; settings = {ATTRIBUTES = (Public, ); }; };
		71DE10651B7F8A5100346F33 /* TEALVisitorProfileFlagAttribute.m in Sources */ = {isa = PBXBuildFile; fileRef = 71DE104D1B7F8A5100346F33 /* TEALVisitorProfileFlagAttribute.m */; };
		71DE10661B7F8A5100346F33 /* TEALVisitorProfileMetricAttribute.h in Headers */ = {isa = PBXBuildFile; fileRef = 71DE104E1B7F8A5100346F33 /* TEALVisitorProfileMetricAttribute.h */; settings = {ATTRIBUTES = (Public, ); }; };
		71DE10671B7F8A5100346F33 /* TEALVisitorProfileMetricAttribute.m in Sources */ = {isa = PBXBuildFile; fileRef = 71DE104F1B7F8A5100346F33 /* TEALVisitorProfileMetricAttribute.m */; };
		71DE10681B7F8A5100346F33 /* TEALVisitorProfilePropertyAttribute.h in Headers */ = {isa = PBXBuildFile; fileRef = 71DE10501B7F8A5100346F33 /* TEALVisitorProfilePropertyAttribute.h */; settings = {ATTRIBUTES = (Public, ); }; };
		71DE10691B7F8A5100346F33 /* TEALVisitorProfilePropertyAttribute.m in Sources */ = {isa = PBXBuildFile; fileRef = 71DE10511B7F8A5100346F33 /* TEALVisitorProfilePropertyAttribute.m */; };
		71DE106A1B7F8A5100346F33 /* TEALVisitorProfileDelegate.h in Headers */ = {isa = PBXBuildFile; fileRef = 71DE10521B7F8A5100346F33 /* TEALVisitorProfileDelegate.h */; settings = {ATTRIBUTES = (Public, ); }; };
		71DE106B1B7F8A5100346F33 /* TEALVisitorProfileHelpers.h in Headers */ = {isa = PBXBuildFile; fileRef = 71DE10531B7F8A5100346F33 /* TEALVisitorProfileHelpers.h */; settings = {ATTRIBUTES = (Public, ); }; };
		71DE106C1B7F8A5100346F33 /* TEALVisitorProfileHelpers.m in Sources */ = {isa = PBXBuildFile; fileRef = 71DE10541B7F8A5100346F33 /* TEALVisitorProfileHelpers.m */; };
		71DE106D1B7F8A5100346F33 /* TEALVisitorProfileStore.h in Headers */ = {isa = PBXBuildFile; fileRef = 71DE10551B7F8A5100346F33 /* TEALVisitorProfileStore.h */; settings = {ATTRIBUTES = (Public, ); }; };
		71DE106E1B7F8A5100346F33 /* TEALVisitorProfileStore.m in Sources */ = {isa = PBXBuildFile; fileRef = 71DE10561B7F8A5100346F33 /* TEALVisitorProfileStore.m */; };
		71DE10721B7F8B8200346F33 /* TEALModuleManager.h in Headers */ = {isa = PBXBuildFile; fileRef = 71DE10701B7F8B8200346F33 /* TEALModuleManager.h */; };
		71DE10731B7F8B8200346F33 /* TEALModuleManager.m in Sources */ = {isa = PBXBuildFile; fileRef = 71DE10711B7F8B8200346F33 /* TEALModuleManager.m */; };
		71E7601E1B6041DB005DB7C8 /* TealiumDelegate.h in Headers */ = {isa = PBXBuildFile; fileRef = 71E7601D1B6041DB005DB7C8 /* TealiumDelegate.h */; settings = {ATTRIBUTES = (Public, ); }; };
		71E760211B604447005DB7C8 /* TEALDelegateManager.h in Headers */ = {isa = PBXBuildFile; fileRef = 71E7601F1B604447005DB7C8 /* TEALDelegateManager.h */; settings = {ATTRIBUTES = (Public, ); }; };
		71E760221B604447005DB7C8 /* TEALDelegateManager.m in Sources */ = {isa = PBXBuildFile; fileRef = 71E760201B604447005DB7C8 /* TEALDelegateManager.m */; };
		71F041DB1B694D8C00A8E27F /* TEALConfiguration.h in Headers */ = {isa = PBXBuildFile; fileRef = 71F041D91B694D8C00A8E27F /* TEALConfiguration.h */; settings = {ATTRIBUTES = (Public, ); }; };
		71F041DC1B694D8C00A8E27F /* TEALConfiguration.m in Sources */ = {isa = PBXBuildFile; fileRef = 71F041DA1B694D8C00A8E27F /* TEALConfiguration.m */; };
		E726B10A1B5D6353007864E4 /* TEALReachabilityManager.h in Headers */ = {isa = PBXBuildFile; fileRef = E726B1081B5D6353007864E4 /* TEALReachabilityManager.h */; settings = {ATTRIBUTES = (Public, ); }; };
		E726B10B1B5D6353007864E4 /* TEALReachabilityManager.m in Sources */ = {isa = PBXBuildFile; fileRef = E726B1091B5D6353007864E4 /* TEALReachabilityManager.m */; };
		E726B10E1B5D6362007864E4 /* TEALDispatchManager.h in Headers */ = {isa = PBXBuildFile; fileRef = E726B10C1B5D6362007864E4 /* TEALDispatchManager.h */; settings = {ATTRIBUTES = (Public, ); }; };
		E726B10F1B5D6362007864E4 /* TEALDispatchManager.m in Sources */ = {isa = PBXBuildFile; fileRef = E726B10D1B5D6362007864E4 /* TEALDispatchManager.m */; };
/* End PBXBuildFile section */

/* Begin PBXContainerItemProxy section */
		37A759FE1B56F70E00E6E9E2 /* PBXContainerItemProxy */ = {
			isa = PBXContainerItemProxy;
			containerPortal = 37A759E91B56F70E00E6E9E2 /* Project object */;
			proxyType = 1;
			remoteGlobalIDString = 37A759F01B56F70E00E6E9E2;
			remoteInfo = Tealium;
		};
		37EBA2461B571C5D0010CB75 /* PBXContainerItemProxy */ = {
			isa = PBXContainerItemProxy;
			containerPortal = 37A759E91B56F70E00E6E9E2 /* Project object */;
			proxyType = 1;
			remoteGlobalIDString = 37A759F01B56F70E00E6E9E2;
			remoteInfo = Tealium;
		};
/* End PBXContainerItemProxy section */

/* Begin PBXFileReference section */
		37A759F11B56F70E00E6E9E2 /* libTealium.a */ = {isa = PBXFileReference; explicitFileType = archive.ar; includeInIndex = 0; path = libTealium.a; sourceTree = BUILT_PRODUCTS_DIR; };
		37A759F41B56F70E00E6E9E2 /* Tealium.h */ = {isa = PBXFileReference; lastKnownFileType = sourcecode.c.h; path = Tealium.h; sourceTree = "<group>"; };
		37A759F61B56F70E00E6E9E2 /* Tealium.m */ = {isa = PBXFileReference; lastKnownFileType = sourcecode.c.objc; path = Tealium.m; sourceTree = "<group>"; };
		37A759FC1B56F70E00E6E9E2 /* TealiumTests.xctest */ = {isa = PBXFileReference; explicitFileType = wrapper.cfbundle; includeInIndex = 0; path = TealiumTests.xctest; sourceTree = BUILT_PRODUCTS_DIR; };
		37A75A021B56F70E00E6E9E2 /* Info.plist */ = {isa = PBXFileReference; lastKnownFileType = text.plist.xml; path = Info.plist; sourceTree = "<group>"; };
		37A75A0D1B56F7C200E6E9E2 /* TEALDatasourceConstants.h */ = {isa = PBXFileReference; fileEncoding = 4; lastKnownFileType = sourcecode.c.h; path = TEALDatasourceConstants.h; sourceTree = "<group>"; };
		37A75A0E1B56F7C200E6E9E2 /* TEALDatasourceConstants.m */ = {isa = PBXFileReference; fileEncoding = 4; lastKnownFileType = sourcecode.c.objc; path = TEALDatasourceConstants.m; sourceTree = "<group>"; };
		37A75A191B56F7C200E6E9E2 /* TEALNetworkHelpers.h */ = {isa = PBXFileReference; fileEncoding = 4; lastKnownFileType = sourcecode.c.h; path = TEALNetworkHelpers.h; sourceTree = "<group>"; };
		37A75A1A1B56F7C200E6E9E2 /* TEALNetworkHelpers.m */ = {isa = PBXFileReference; fileEncoding = 4; lastKnownFileType = sourcecode.c.objc; path = TEALNetworkHelpers.m; sourceTree = "<group>"; };
		37A75A3D1B56F7C200E6E9E2 /* TEALActionQueueManager.h */ = {isa = PBXFileReference; fileEncoding = 4; lastKnownFileType = sourcecode.c.h; path = TEALActionQueueManager.h; sourceTree = "<group>"; };
		37A75A3E1B56F7C200E6E9E2 /* TEALActionQueueManager.m */ = {isa = PBXFileReference; fileEncoding = 4; lastKnownFileType = sourcecode.c.objc; path = TEALActionQueueManager.m; sourceTree = "<group>"; };
		37A75A3F1B56F7C200E6E9E2 /* TEALError.h */ = {isa = PBXFileReference; fileEncoding = 4; lastKnownFileType = sourcecode.c.h; path = TEALError.h; sourceTree = "<group>"; };
		37A75A401B56F7C200E6E9E2 /* TEALError.m */ = {isa = PBXFileReference; fileEncoding = 4; lastKnownFileType = sourcecode.c.objc; path = TEALError.m; sourceTree = "<group>"; };
		37A75A411B56F7C200E6E9E2 /* TEALLogger.h */ = {isa = PBXFileReference; fileEncoding = 4; lastKnownFileType = sourcecode.c.h; path = TEALLogger.h; sourceTree = "<group>"; };
		37A75A421B56F7C200E6E9E2 /* TEALLogger.m */ = {isa = PBXFileReference; fileEncoding = 4; lastKnownFileType = sourcecode.c.objc; path = TEALLogger.m; sourceTree = "<group>"; };
		37A75A431B56F7C200E6E9E2 /* TEALOperationManager.h */ = {isa = PBXFileReference; fileEncoding = 4; lastKnownFileType = sourcecode.c.h; path = TEALOperationManager.h; sourceTree = "<group>"; };
		37A75A441B56F7C200E6E9E2 /* TEALOperationManager.m */ = {isa = PBXFileReference; fileEncoding = 4; lastKnownFileType = sourcecode.c.objc; path = TEALOperationManager.m; sourceTree = "<group>"; };
		37A75A451B56F7C200E6E9E2 /* TEALSystemHelpers.h */ = {isa = PBXFileReference; fileEncoding = 4; lastKnownFileType = sourcecode.c.h; path = TEALSystemHelpers.h; sourceTree = "<group>"; };
		37A75A461B56F7C200E6E9E2 /* TEALSystemHelpers.m */ = {isa = PBXFileReference; fileEncoding = 4; lastKnownFileType = sourcecode.c.objc; path = TEALSystemHelpers.m; sourceTree = "<group>"; };
		37A75A471B56F7C200E6E9E2 /* TEALSystemProtocols.h */ = {isa = PBXFileReference; fileEncoding = 4; lastKnownFileType = sourcecode.c.h; path = TEALSystemProtocols.h; sourceTree = "<group>"; };
		37A75A481B56F7C200E6E9E2 /* TEALCollect-Bridging-Header.h */ = {isa = PBXFileReference; fileEncoding = 4; lastKnownFileType = sourcecode.c.h; path = "TEALCollect-Bridging-Header.h"; sourceTree = "<group>"; };
		7115BA591B6BF1120072F3A4 /* TEALDatasourceStore.h */ = {isa = PBXFileReference; fileEncoding = 4; lastKnownFileType = sourcecode.c.h; path = TEALDatasourceStore.h; sourceTree = "<group>"; };
		7115BA5A1B6BF1120072F3A4 /* TEALDatasourceStore.m */ = {isa = PBXFileReference; fileEncoding = 4; lastKnownFileType = sourcecode.c.objc; path = TEALDatasourceStore.m; sourceTree = "<group>"; };
		7123B5CA1B6BB7A800EA308C /* NSArray+Tealium.h */ = {isa = PBXFileReference; fileEncoding = 4; lastKnownFileType = sourcecode.c.h; path = "NSArray+Tealium.h"; sourceTree = "<group>"; };
		7123B5CB1B6BB7A800EA308C /* NSArray+Tealium.m */ = {isa = PBXFileReference; fileEncoding = 4; lastKnownFileType = sourcecode.c.objc; path = "NSArray+Tealium.m"; sourceTree = "<group>"; };
		7123B5CC1B6BB7A800EA308C /* NSDate+Tealium.h */ = {isa = PBXFileReference; fileEncoding = 4; lastKnownFileType = sourcecode.c.h; path = "NSDate+Tealium.h"; sourceTree = "<group>"; };
		7123B5CD1B6BB7A800EA308C /* NSDate+Tealium.m */ = {isa = PBXFileReference; fileEncoding = 4; lastKnownFileType = sourcecode.c.objc; path = "NSDate+Tealium.m"; sourceTree = "<group>"; };
		7123B5CE1B6BB7A800EA308C /* NSDictionary+Tealium.h */ = {isa = PBXFileReference; fileEncoding = 4; lastKnownFileType = sourcecode.c.h; path = "NSDictionary+Tealium.h"; sourceTree = "<group>"; };
		7123B5CF1B6BB7A800EA308C /* NSDictionary+Tealium.m */ = {isa = PBXFileReference; fileEncoding = 4; lastKnownFileType = sourcecode.c.objc; path = "NSDictionary+Tealium.m"; sourceTree = "<group>"; };
		7123B5D01B6BB7A800EA308C /* NSObject+Tealium.h */ = {isa = PBXFileReference; fileEncoding = 4; lastKnownFileType = sourcecode.c.h; path = "NSObject+Tealium.h"; sourceTree = "<group>"; };
		7123B5D11B6BB7A800EA308C /* NSObject+Tealium.m */ = {isa = PBXFileReference; fileEncoding = 4; lastKnownFileType = sourcecode.c.objc; path = "NSObject+Tealium.m"; sourceTree = "<group>"; };
		7123B5D21B6BB7A800EA308C /* NSString+Tealium.h */ = {isa = PBXFileReference; fileEncoding = 4; lastKnownFileType = sourcecode.c.h; path = "NSString+Tealium.h"; sourceTree = "<group>"; };
		7123B5D31B6BB7A800EA308C /* NSString+Tealium.m */ = {isa = PBXFileReference; fileEncoding = 4; lastKnownFileType = sourcecode.c.objc; path = "NSString+Tealium.m"; sourceTree = "<group>"; };
		7123B5D41B6BB7A800EA308C /* UIColor+Tealium.h */ = {isa = PBXFileReference; fileEncoding = 4; lastKnownFileType = sourcecode.c.h; path = "UIColor+Tealium.h"; sourceTree = "<group>"; };
		7123B5D51B6BB7A800EA308C /* UIColor+Tealium.m */ = {isa = PBXFileReference; fileEncoding = 4; lastKnownFileType = sourcecode.c.objc; path = "UIColor+Tealium.m"; sourceTree = "<group>"; };
		7123B5D61B6BB7A800EA308C /* UIImage+Tealium.h */ = {isa = PBXFileReference; fileEncoding = 4; lastKnownFileType = sourcecode.c.h; path = "UIImage+Tealium.h"; sourceTree = "<group>"; };
		7123B5D71B6BB7A800EA308C /* UIImage+Tealium.m */ = {isa = PBXFileReference; fileEncoding = 4; lastKnownFileType = sourcecode.c.objc; path = "UIImage+Tealium.m"; sourceTree = "<group>"; };
		7123B5DE1B6BB7A800EA308C /* TEALSimpleNetworkManager.h */ = {isa = PBXFileReference; fileEncoding = 4; lastKnownFileType = sourcecode.c.h; path = TEALSimpleNetworkManager.h; sourceTree = "<group>"; };
		7123B5DF1B6BB7A800EA308C /* TEALSimpleNetworkManager.m */ = {isa = PBXFileReference; fileEncoding = 4; lastKnownFileType = sourcecode.c.objc; path = TEALSimpleNetworkManager.m; sourceTree = "<group>"; };
		7123B5E11B6BB7A800EA308C /* TEALDataQueue+PrivateHeaders.h */ = {isa = PBXFileReference; fileEncoding = 4; lastKnownFileType = sourcecode.c.h; path = "TEALDataQueue+PrivateHeaders.h"; sourceTree = "<group>"; };
		7123B5E21B6BB7A800EA308C /* TEALDataQueue.h */ = {isa = PBXFileReference; fileEncoding = 4; lastKnownFileType = sourcecode.c.h; path = TEALDataQueue.h; sourceTree = "<group>"; };
		7123B5E31B6BB7A800EA308C /* TEALDataQueue.m */ = {isa = PBXFileReference; fileEncoding = 4; lastKnownFileType = sourcecode.c.objc; path = TEALDataQueue.m; sourceTree = "<group>"; };
		7123B60B1B6BB81600EA308C /* TEALDispatchConstants.h */ = {isa = PBXFileReference; fileEncoding = 4; lastKnownFileType = sourcecode.c.h; path = TEALDispatchConstants.h; sourceTree = "<group>"; };
		7167F8A11B6AD49B00C3568D /* TEALPublishSettings.h */ = {isa = PBXFileReference; fileEncoding = 4; lastKnownFileType = sourcecode.c.h; path = TEALPublishSettings.h; sourceTree = "<group>"; };
		7167F8A21B6AD49B00C3568D /* TEALPublishSettings.m */ = {isa = PBXFileReference; fileEncoding = 4; lastKnownFileType = sourcecode.c.objc; path = TEALPublishSettings.m; sourceTree = "<group>"; };
		7167F8A51B6AFD8D00C3568D /* TEALSettings.h */ = {isa = PBXFileReference; fileEncoding = 4; lastKnownFileType = sourcecode.c.h; path = TEALSettings.h; sourceTree = "<group>"; };
		7167F8A61B6AFD8D00C3568D /* TEALSettings.m */ = {isa = PBXFileReference; fileEncoding = 4; lastKnownFileType = sourcecode.c.objc; path = TEALSettings.m; sourceTree = "<group>"; };
		7167F8A91B6B035D00C3568D /* TEALPublishSettingsStore.h */ = {isa = PBXFileReference; fileEncoding = 4; lastKnownFileType = sourcecode.c.h; path = TEALPublishSettingsStore.h; sourceTree = "<group>"; };
		7167F8AA1B6B035D00C3568D /* TEALPublishSettingsStore.m */ = {isa = PBXFileReference; fileEncoding = 4; lastKnownFileType = sourcecode.c.objc; path = TEALPublishSettingsStore.m; sourceTree = "<group>"; };
		71DCA7AF1B59547D001706CF /* TEALDispatchNetworkService.h */ = {isa = PBXFileReference; fileEncoding = 4; lastKnownFileType = sourcecode.c.h; path = TEALDispatchNetworkService.h; sourceTree = "<group>"; };
		71DCA7C11B5971D0001706CF /* TEALDispatch.h */ = {isa = PBXFileReference; fileEncoding = 4; lastKnownFileType = sourcecode.c.h; path = TEALDispatch.h; sourceTree = "<group>"; };
		71DCA7C21B5971D0001706CF /* TEALDispatch.m */ = {isa = PBXFileReference; fileEncoding = 4; lastKnownFileType = sourcecode.c.objc; path = TEALDispatch.m; sourceTree = "<group>"; };
		71DCA7C51B599E60001706CF /* TEALApplicationLifecycle.h */ = {isa = PBXFileReference; fileEncoding = 4; lastKnownFileType = sourcecode.c.h; path = TEALApplicationLifecycle.h; sourceTree = "<group>"; };
		71DCA7C61B599E60001706CF /* TEALApplicationLifecycle.m */ = {isa = PBXFileReference; fileEncoding = 4; lastKnownFileType = sourcecode.c.objc; path = TEALApplicationLifecycle.m; sourceTree = "<group>"; };
		71DE10021B7ED09300346F33 /* TEALBlocks.h */ = {isa = PBXFileReference; fileEncoding = 4; lastKnownFileType = sourcecode.c.h; path = TEALBlocks.h; sourceTree = "<group>"; };
		71DE10051B7ED0F700346F33 /* TEALAutotrackDataSources.h */ = {isa = PBXFileReference; fileEncoding = 4; lastKnownFileType = sourcecode.c.h; path = TEALAutotrackDataSources.h; sourceTree = "<group>"; };
		71DE10061B7ED0F700346F33 /* TEALAutotrackDataSources.m */ = {isa = PBXFileReference; fileEncoding = 4; lastKnownFileType = sourcecode.c.objc; path = TEALAutotrackDataSources.m; sourceTree = "<group>"; };
		71DE10071B7ED0F700346F33 /* TEALAutotrackingManager.h */ = {isa = PBXFileReference; fileEncoding = 4; lastKnownFileType = sourcecode.c.h; path = TEALAutotrackingManager.h; sourceTree = "<group>"; };
		71DE10081B7ED0F700346F33 /* TEALAutotrackingManager.m */ = {isa = PBXFileReference; fileEncoding = 4; lastKnownFileType = sourcecode.c.objc; path = TEALAutotrackingManager.m; sourceTree = "<group>"; };
		71DE10091B7ED0F700346F33 /* UIApplication+Tealium.h */ = {isa = PBXFileReference; fileEncoding = 4; lastKnownFileType = sourcecode.c.h; path = "UIApplication+Tealium.h"; sourceTree = "<group>"; };
		71DE100A1B7ED0F700346F33 /* UIApplication+Tealium.m */ = {isa = PBXFileReference; fileEncoding = 4; lastKnownFileType = sourcecode.c.objc; path = "UIApplication+Tealium.m"; sourceTree = "<group>"; };
		71DE100D1B7ED0F700346F33 /* UIViewController+Tealium.h */ = {isa = PBXFileReference; fileEncoding = 4; lastKnownFileType = sourcecode.c.h; path = "UIViewController+Tealium.h"; sourceTree = "<group>"; };
		71DE100E1B7ED0F700346F33 /* UIViewController+Tealium.m */ = {isa = PBXFileReference; fileEncoding = 4; lastKnownFileType = sourcecode.c.objc; path = "UIViewController+Tealium.m"; sourceTree = "<group>"; };
		71DE101F1B7ED16600346F33 /* TEALCollectNetworkService.h */ = {isa = PBXFileReference; fileEncoding = 4; lastKnownFileType = sourcecode.c.h; path = TEALCollectNetworkService.h; sourceTree = "<group>"; };
		71DE10201B7ED16600346F33 /* TEALCollectNetworkService.m */ = {isa = PBXFileReference; fileEncoding = 4; lastKnownFileType = sourcecode.c.objc; path = TEALCollectNetworkService.m; sourceTree = "<group>"; };
		71DE10221B7ED16600346F33 /* TEALTagNetworkService.h */ = {isa = PBXFileReference; fileEncoding = 4; lastKnownFileType = sourcecode.c.h; path = TEALTagNetworkService.h; sourceTree = "<group>"; };
		71DE10231B7ED16600346F33 /* TEALTagNetworkService.m */ = {isa = PBXFileReference; fileEncoding = 4; lastKnownFileType = sourcecode.c.objc; path = TEALTagNetworkService.m; sourceTree = "<group>"; };
		71DE10241B7ED16600346F33 /* TEALURLSessionManager.h */ = {isa = PBXFileReference; fileEncoding = 4; lastKnownFileType = sourcecode.c.h; path = TEALURLSessionManager.h; sourceTree = "<group>"; };
		71DE10251B7ED16600346F33 /* TEALURLSessionManager.m */ = {isa = PBXFileReference; fileEncoding = 4; lastKnownFileType = sourcecode.c.objc; path = TEALURLSessionManager.m; sourceTree = "<group>"; };
		71DE102F1B7ED3D200346F33 /* TEALDatasources.h */ = {isa = PBXFileReference; fileEncoding = 4; lastKnownFileType = sourcecode.c.h; path = TEALDatasources.h; sourceTree = "<group>"; };
		71DE10301B7ED3D200346F33 /* TEALDatasources.m */ = {isa = PBXFileReference; fileEncoding = 4; lastKnownFileType = sourcecode.c.objc; path = TEALDatasources.m; sourceTree = "<group>"; };
		71DE10341B7ED48E00346F33 /* TEALSharedDatasources.h */ = {isa = PBXFileReference; fileEncoding = 4; lastKnownFileType = sourcecode.c.h; path = TEALSharedDatasources.h; sourceTree = "<group>"; };
		71DE10351B7ED48E00346F33 /* TEALSharedDatasources.m */ = {isa = PBXFileReference; fileEncoding = 4; lastKnownFileType = sourcecode.c.objc; path = TEALSharedDatasources.m; sourceTree = "<group>"; };
		71DE103F1B7F8A5100346F33 /* TEALVisitorProfile+PrivateHeader.h */ = {isa = PBXFileReference; fileEncoding = 4; lastKnownFileType = sourcecode.c.h; path = "TEALVisitorProfile+PrivateHeader.h"; sourceTree = "<group>"; };
		71DE10401B7F8A5100346F33 /* TEALVisitorProfile.h */ = {isa = PBXFileReference; fileEncoding = 4; lastKnownFileType = sourcecode.c.h; path = TEALVisitorProfile.h; sourceTree = "<group>"; };
		71DE10411B7F8A5100346F33 /* TEALVisitorProfile.m */ = {isa = PBXFileReference; fileEncoding = 4; lastKnownFileType = sourcecode.c.objc; path = TEALVisitorProfile.m; sourceTree = "<group>"; };
		71DE10421B7F8A5100346F33 /* TEALVisitorProfileAudienceAttribute.h */ = {isa = PBXFileReference; fileEncoding = 4; lastKnownFileType = sourcecode.c.h; path = TEALVisitorProfileAudienceAttribute.h; sourceTree = "<group>"; };
		71DE10431B7F8A5100346F33 /* TEALVisitorProfileAudienceAttribute.m */ = {isa = PBXFileReference; fileEncoding = 4; lastKnownFileType = sourcecode.c.objc; path = TEALVisitorProfileAudienceAttribute.m; sourceTree = "<group>"; };
		71DE10441B7F8A5100346F33 /* TEALVisitorProfileBadgeAttribute.h */ = {isa = PBXFileReference; fileEncoding = 4; lastKnownFileType = sourcecode.c.h; path = TEALVisitorProfileBadgeAttribute.h; sourceTree = "<group>"; };
		71DE10451B7F8A5100346F33 /* TEALVisitorProfileBadgeAttribute.m */ = {isa = PBXFileReference; fileEncoding = 4; lastKnownFileType = sourcecode.c.objc; path = TEALVisitorProfileBadgeAttribute.m; sourceTree = "<group>"; };
		71DE10461B7F8A5100346F33 /* TEALVisitorProfileBaseAttribute.h */ = {isa = PBXFileReference; fileEncoding = 4; lastKnownFileType = sourcecode.c.h; path = TEALVisitorProfileBaseAttribute.h; sourceTree = "<group>"; };
		71DE10471B7F8A5100346F33 /* TEALVisitorProfileBaseAttribute.m */ = {isa = PBXFileReference; fileEncoding = 4; lastKnownFileType = sourcecode.c.objc; path = TEALVisitorProfileBaseAttribute.m; sourceTree = "<group>"; };
		71DE10481B7F8A5100346F33 /* TEALVisitorProfileCurrentVisit.h */ = {isa = PBXFileReference; fileEncoding = 4; lastKnownFileType = sourcecode.c.h; path = TEALVisitorProfileCurrentVisit.h; sourceTree = "<group>"; };
		71DE10491B7F8A5100346F33 /* TEALVisitorProfileCurrentVisit.m */ = {isa = PBXFileReference; fileEncoding = 4; lastKnownFileType = sourcecode.c.objc; path = TEALVisitorProfileCurrentVisit.m; sourceTree = "<group>"; };
		71DE104A1B7F8A5100346F33 /* TEALVisitorProfileDateAttribute.h */ = {isa = PBXFileReference; fileEncoding = 4; lastKnownFileType = sourcecode.c.h; path = TEALVisitorProfileDateAttribute.h; sourceTree = "<group>"; };
		71DE104B1B7F8A5100346F33 /* TEALVisitorProfileDateAttribute.m */ = {isa = PBXFileReference; fileEncoding = 4; lastKnownFileType = sourcecode.c.objc; path = TEALVisitorProfileDateAttribute.m; sourceTree = "<group>"; };
		71DE104C1B7F8A5100346F33 /* TEALVisitorProfileFlagAttribute.h */ = {isa = PBXFileReference; fileEncoding = 4; lastKnownFileType = sourcecode.c.h; path = TEALVisitorProfileFlagAttribute.h; sourceTree = "<group>"; };
		71DE104D1B7F8A5100346F33 /* TEALVisitorProfileFlagAttribute.m */ = {isa = PBXFileReference; fileEncoding = 4; lastKnownFileType = sourcecode.c.objc; path = TEALVisitorProfileFlagAttribute.m; sourceTree = "<group>"; };
		71DE104E1B7F8A5100346F33 /* TEALVisitorProfileMetricAttribute.h */ = {isa = PBXFileReference; fileEncoding = 4; lastKnownFileType = sourcecode.c.h; path = TEALVisitorProfileMetricAttribute.h; sourceTree = "<group>"; };
		71DE104F1B7F8A5100346F33 /* TEALVisitorProfileMetricAttribute.m */ = {isa = PBXFileReference; fileEncoding = 4; lastKnownFileType = sourcecode.c.objc; path = TEALVisitorProfileMetricAttribute.m; sourceTree = "<group>"; };
		71DE10501B7F8A5100346F33 /* TEALVisitorProfilePropertyAttribute.h */ = {isa = PBXFileReference; fileEncoding = 4; lastKnownFileType = sourcecode.c.h; path = TEALVisitorProfilePropertyAttribute.h; sourceTree = "<group>"; };
		71DE10511B7F8A5100346F33 /* TEALVisitorProfilePropertyAttribute.m */ = {isa = PBXFileReference; fileEncoding = 4; lastKnownFileType = sourcecode.c.objc; path = TEALVisitorProfilePropertyAttribute.m; sourceTree = "<group>"; };
		71DE10521B7F8A5100346F33 /* TEALVisitorProfileDelegate.h */ = {isa = PBXFileReference; fileEncoding = 4; lastKnownFileType = sourcecode.c.h; path = TEALVisitorProfileDelegate.h; sourceTree = "<group>"; };
		71DE10531B7F8A5100346F33 /* TEALVisitorProfileHelpers.h */ = {isa = PBXFileReference; fileEncoding = 4; lastKnownFileType = sourcecode.c.h; path = TEALVisitorProfileHelpers.h; sourceTree = "<group>"; };
		71DE10541B7F8A5100346F33 /* TEALVisitorProfileHelpers.m */ = {isa = PBXFileReference; fileEncoding = 4; lastKnownFileType = sourcecode.c.objc; path = TEALVisitorProfileHelpers.m; sourceTree = "<group>"; };
		71DE10551B7F8A5100346F33 /* TEALVisitorProfileStore.h */ = {isa = PBXFileReference; fileEncoding = 4; lastKnownFileType = sourcecode.c.h; path = TEALVisitorProfileStore.h; sourceTree = "<group>"; };
		71DE10561B7F8A5100346F33 /* TEALVisitorProfileStore.m */ = {isa = PBXFileReference; fileEncoding = 4; lastKnownFileType = sourcecode.c.objc; path = TEALVisitorProfileStore.m; sourceTree = "<group>"; };
		71DE106F1B7F8B0C00346F33 /* TEALAutotracking.h */ = {isa = PBXFileReference; lastKnownFileType = sourcecode.c.h; path = TEALAutotracking.h; sourceTree = "<group>"; };
		71DE10701B7F8B8200346F33 /* TEALModuleManager.h */ = {isa = PBXFileReference; fileEncoding = 4; lastKnownFileType = sourcecode.c.h; path = TEALModuleManager.h; sourceTree = "<group>"; };
		71DE10711B7F8B8200346F33 /* TEALModuleManager.m */ = {isa = PBXFileReference; fileEncoding = 4; lastKnownFileType = sourcecode.c.objc; path = TEALModuleManager.m; sourceTree = "<group>"; };
		71E7601D1B6041DB005DB7C8 /* TealiumDelegate.h */ = {isa = PBXFileReference; fileEncoding = 4; lastKnownFileType = sourcecode.c.h; name = TealiumDelegate.h; path = core/TealiumDelegate.h; sourceTree = "<group>"; };
		71E7601F1B604447005DB7C8 /* TEALDelegateManager.h */ = {isa = PBXFileReference; fileEncoding = 4; lastKnownFileType = sourcecode.c.h; name = TEALDelegateManager.h; path = core/TEALDelegateManager.h; sourceTree = "<group>"; };
		71E760201B604447005DB7C8 /* TEALDelegateManager.m */ = {isa = PBXFileReference; fileEncoding = 4; lastKnownFileType = sourcecode.c.objc; name = TEALDelegateManager.m; path = core/TEALDelegateManager.m; sourceTree = "<group>"; };
		71F041D91B694D8C00A8E27F /* TEALConfiguration.h */ = {isa = PBXFileReference; fileEncoding = 4; lastKnownFileType = sourcecode.c.h; path = TEALConfiguration.h; sourceTree = "<group>"; };
		71F041DA1B694D8C00A8E27F /* TEALConfiguration.m */ = {isa = PBXFileReference; fileEncoding = 4; lastKnownFileType = sourcecode.c.objc; path = TEALConfiguration.m; sourceTree = "<group>"; };
		E726B1081B5D6353007864E4 /* TEALReachabilityManager.h */ = {isa = PBXFileReference; fileEncoding = 4; lastKnownFileType = sourcecode.c.h; path = TEALReachabilityManager.h; sourceTree = "<group>"; };
		E726B1091B5D6353007864E4 /* TEALReachabilityManager.m */ = {isa = PBXFileReference; fileEncoding = 4; lastKnownFileType = sourcecode.c.objc; path = TEALReachabilityManager.m; sourceTree = "<group>"; };
		E726B10C1B5D6362007864E4 /* TEALDispatchManager.h */ = {isa = PBXFileReference; fileEncoding = 4; lastKnownFileType = sourcecode.c.h; path = TEALDispatchManager.h; sourceTree = "<group>"; };
		E726B10D1B5D6362007864E4 /* TEALDispatchManager.m */ = {isa = PBXFileReference; fileEncoding = 4; lastKnownFileType = sourcecode.c.objc; path = TEALDispatchManager.m; sourceTree = "<group>"; };
/* End PBXFileReference section */

/* Begin PBXFrameworksBuildPhase section */
		37A759EE1B56F70E00E6E9E2 /* Frameworks */ = {
			isa = PBXFrameworksBuildPhase;
			buildActionMask = 2147483647;
			files = (
			);
			runOnlyForDeploymentPostprocessing = 0;
		};
		37A759F91B56F70E00E6E9E2 /* Frameworks */ = {
			isa = PBXFrameworksBuildPhase;
			buildActionMask = 2147483647;
			files = (
				37A759FD1B56F70E00E6E9E2 /* libTealium.a in Frameworks */,
			);
			runOnlyForDeploymentPostprocessing = 0;
		};
/* End PBXFrameworksBuildPhase section */

/* Begin PBXGroup section */
		37A759E81B56F70E00E6E9E2 = {
			isa = PBXGroup;
			children = (
				37A759F31B56F70E00E6E9E2 /* Tealium */,
				37A75A001B56F70E00E6E9E2 /* TealiumTests */,
				37A759F21B56F70E00E6E9E2 /* Products */,
			);
			sourceTree = "<group>";
		};
		37A759F21B56F70E00E6E9E2 /* Products */ = {
			isa = PBXGroup;
			children = (
				37A759F11B56F70E00E6E9E2 /* libTealium.a */,
				37A759FC1B56F70E00E6E9E2 /* TealiumTests.xctest */,
			);
			name = Products;
			sourceTree = "<group>";
		};
		37A759F31B56F70E00E6E9E2 /* Tealium */ = {
			isa = PBXGroup;
			children = (
				71DE101E1B7ED16600346F33 /* audiencestream */,
				71DE10211B7ED16600346F33 /* tagmanagement */,
				71DE10041B7ED0F700346F33 /* autotracking */,
				37A75A0B1B56F7C200E6E9E2 /* core */,
				71E7601F1B604447005DB7C8 /* TEALDelegateManager.h */,
				71E760201B604447005DB7C8 /* TEALDelegateManager.m */,
				71E7601D1B6041DB005DB7C8 /* TealiumDelegate.h */,
				37A759F41B56F70E00E6E9E2 /* Tealium.h */,
				37A759F61B56F70E00E6E9E2 /* Tealium.m */,
			);
			path = Tealium;
			sourceTree = "<group>";
		};
		37A75A001B56F70E00E6E9E2 /* TealiumTests */ = {
			isa = PBXGroup;
			children = (
				37A75A011B56F70E00E6E9E2 /* Supporting Files */,
			);
			path = TealiumTests;
			sourceTree = "<group>";
		};
		37A75A011B56F70E00E6E9E2 /* Supporting Files */ = {
			isa = PBXGroup;
			children = (
				37A75A021B56F70E00E6E9E2 /* Info.plist */,
			);
			name = "Supporting Files";
			sourceTree = "<group>";
		};
		37A75A0B1B56F7C200E6E9E2 /* core */ = {
			isa = PBXGroup;
			children = (
				7123B5C91B6BB7A800EA308C /* categories */,
				37A75A0C1B56F7C200E6E9E2 /* datasources */,
				37A75A111B56F7C200E6E9E2 /* events */,
				7123B5DD1B6BB7A800EA308C /* managers */,
				7123B5E01B6BB7A800EA308C /* models */,
				37A75A161B56F7C200E6E9E2 /* networking */,
				37A75A371B56F7C200E6E9E2 /* settings */,
				37A75A3C1B56F7C200E6E9E2 /* system */,
				37A75A481B56F7C200E6E9E2 /* TEALCollect-Bridging-Header.h */,
			);
			path = core;
			sourceTree = "<group>";
		};
		37A75A0C1B56F7C200E6E9E2 /* datasources */ = {
			isa = PBXGroup;
			children = (
				37A75A0D1B56F7C200E6E9E2 /* TEALDatasourceConstants.h */,
				37A75A0E1B56F7C200E6E9E2 /* TEALDatasourceConstants.m */,
				71DE102F1B7ED3D200346F33 /* TEALDatasources.h */,
				71DE10301B7ED3D200346F33 /* TEALDatasources.m */,
				7115BA591B6BF1120072F3A4 /* TEALDatasourceStore.h */,
				7115BA5A1B6BF1120072F3A4 /* TEALDatasourceStore.m */,
				71DE10341B7ED48E00346F33 /* TEALSharedDatasources.h */,
				71DE10351B7ED48E00346F33 /* TEALSharedDatasources.m */,
			);
			path = datasources;
			sourceTree = "<group>";
		};
		37A75A111B56F7C200E6E9E2 /* events */ = {
			isa = PBXGroup;
			children = (
				7123B60B1B6BB81600EA308C /* TEALDispatchConstants.h */,
				E726B10C1B5D6362007864E4 /* TEALDispatchManager.h */,
				E726B10D1B5D6362007864E4 /* TEALDispatchManager.m */,
				71DCA7C11B5971D0001706CF /* TEALDispatch.h */,
				71DCA7C21B5971D0001706CF /* TEALDispatch.m */,
				71DCA7C51B599E60001706CF /* TEALApplicationLifecycle.h */,
				71DCA7C61B599E60001706CF /* TEALApplicationLifecycle.m */,
			);
			path = events;
			sourceTree = "<group>";
		};
		37A75A161B56F7C200E6E9E2 /* networking */ = {
			isa = PBXGroup;
			children = (
				E726B1081B5D6353007864E4 /* TEALReachabilityManager.h */,
				E726B1091B5D6353007864E4 /* TEALReachabilityManager.m */,
				37A75A191B56F7C200E6E9E2 /* TEALNetworkHelpers.h */,
				37A75A1A1B56F7C200E6E9E2 /* TEALNetworkHelpers.m */,
				71DCA7AF1B59547D001706CF /* TEALDispatchNetworkService.h */,
			);
			path = networking;
			sourceTree = "<group>";
		};
		37A75A371B56F7C200E6E9E2 /* settings */ = {
			isa = PBXGroup;
			children = (
				71F041D91B694D8C00A8E27F /* TEALConfiguration.h */,
				71F041DA1B694D8C00A8E27F /* TEALConfiguration.m */,
				7167F8A11B6AD49B00C3568D /* TEALPublishSettings.h */,
				7167F8A21B6AD49B00C3568D /* TEALPublishSettings.m */,
				7167F8A91B6B035D00C3568D /* TEALPublishSettingsStore.h */,
				7167F8AA1B6B035D00C3568D /* TEALPublishSettingsStore.m */,
				7167F8A51B6AFD8D00C3568D /* TEALSettings.h */,
				7167F8A61B6AFD8D00C3568D /* TEALSettings.m */,
			);
			path = settings;
			sourceTree = "<group>";
		};
		37A75A3C1B56F7C200E6E9E2 /* system */ = {
			isa = PBXGroup;
			children = (
				37A75A3D1B56F7C200E6E9E2 /* TEALActionQueueManager.h */,
				37A75A3E1B56F7C200E6E9E2 /* TEALActionQueueManager.m */,
				71DE10021B7ED09300346F33 /* TEALBlocks.h */,
				37A75A3F1B56F7C200E6E9E2 /* TEALError.h */,
				37A75A401B56F7C200E6E9E2 /* TEALError.m */,
				37A75A411B56F7C200E6E9E2 /* TEALLogger.h */,
				37A75A421B56F7C200E6E9E2 /* TEALLogger.m */,
				37A75A431B56F7C200E6E9E2 /* TEALOperationManager.h */,
				37A75A441B56F7C200E6E9E2 /* TEALOperationManager.m */,
				37A75A451B56F7C200E6E9E2 /* TEALSystemHelpers.h */,
				37A75A461B56F7C200E6E9E2 /* TEALSystemHelpers.m */,
				37A75A471B56F7C200E6E9E2 /* TEALSystemProtocols.h */,
			);
			path = system;
			sourceTree = "<group>";
		};
		7123B5C91B6BB7A800EA308C /* categories */ = {
			isa = PBXGroup;
			children = (
				7123B5CA1B6BB7A800EA308C /* NSArray+Tealium.h */,
				7123B5CB1B6BB7A800EA308C /* NSArray+Tealium.m */,
				7123B5CC1B6BB7A800EA308C /* NSDate+Tealium.h */,
				7123B5CD1B6BB7A800EA308C /* NSDate+Tealium.m */,
				7123B5CE1B6BB7A800EA308C /* NSDictionary+Tealium.h */,
				7123B5CF1B6BB7A800EA308C /* NSDictionary+Tealium.m */,
				7123B5D01B6BB7A800EA308C /* NSObject+Tealium.h */,
				7123B5D11B6BB7A800EA308C /* NSObject+Tealium.m */,
				7123B5D21B6BB7A800EA308C /* NSString+Tealium.h */,
				7123B5D31B6BB7A800EA308C /* NSString+Tealium.m */,
				7123B5D41B6BB7A800EA308C /* UIColor+Tealium.h */,
				7123B5D51B6BB7A800EA308C /* UIColor+Tealium.m */,
				7123B5D61B6BB7A800EA308C /* UIImage+Tealium.h */,
				7123B5D71B6BB7A800EA308C /* UIImage+Tealium.m */,
			);
			path = categories;
			sourceTree = "<group>";
		};
		7123B5DD1B6BB7A800EA308C /* managers */ = {
			isa = PBXGroup;
			children = (
				71DE10701B7F8B8200346F33 /* TEALModuleManager.h */,
				71DE10711B7F8B8200346F33 /* TEALModuleManager.m */,
				7123B5DE1B6BB7A800EA308C /* TEALSimpleNetworkManager.h */,
				7123B5DF1B6BB7A800EA308C /* TEALSimpleNetworkManager.m */,
			);
			path = managers;
			sourceTree = "<group>";
		};
		7123B5E01B6BB7A800EA308C /* models */ = {
			isa = PBXGroup;
			children = (
				7123B5E11B6BB7A800EA308C /* TEALDataQueue+PrivateHeaders.h */,
				7123B5E21B6BB7A800EA308C /* TEALDataQueue.h */,
				7123B5E31B6BB7A800EA308C /* TEALDataQueue.m */,
			);
			path = models;
			sourceTree = "<group>";
		};
		71DE10041B7ED0F700346F33 /* autotracking */ = {
			isa = PBXGroup;
			children = (
				71DE106F1B7F8B0C00346F33 /* TEALAutotracking.h */,
				71DE10051B7ED0F700346F33 /* TEALAutotrackDataSources.h */,
				71DE10061B7ED0F700346F33 /* TEALAutotrackDataSources.m */,
				71DE10071B7ED0F700346F33 /* TEALAutotrackingManager.h */,
				71DE10081B7ED0F700346F33 /* TEALAutotrackingManager.m */,
				71DE10091B7ED0F700346F33 /* UIApplication+Tealium.h */,
				71DE100A1B7ED0F700346F33 /* UIApplication+Tealium.m */,
				71DE100D1B7ED0F700346F33 /* UIViewController+Tealium.h */,
				71DE100E1B7ED0F700346F33 /* UIViewController+Tealium.m */,
			);
			path = autotracking;
			sourceTree = "<group>";
		};
		71DE101E1B7ED16600346F33 /* audiencestream */ = {
			isa = PBXGroup;
			children = (
				71DE101F1B7ED16600346F33 /* TEALCollectNetworkService.h */,
				71DE10201B7ED16600346F33 /* TEALCollectNetworkService.m */,
				71DE103D1B7F8A5100346F33 /* profile */,
			);
			path = audiencestream;
			sourceTree = "<group>";
		};
		71DE10211B7ED16600346F33 /* tagmanagement */ = {
			isa = PBXGroup;
			children = (
				71DE10221B7ED16600346F33 /* TEALTagNetworkService.h */,
				71DE10231B7ED16600346F33 /* TEALTagNetworkService.m */,
				71DE10241B7ED16600346F33 /* TEALURLSessionManager.h */,
				71DE10251B7ED16600346F33 /* TEALURLSessionManager.m */,
			);
			path = tagmanagement;
			sourceTree = "<group>";
		};
		71DE103D1B7F8A5100346F33 /* profile */ = {
			isa = PBXGroup;
			children = (
				71DE103E1B7F8A5100346F33 /* model */,
				71DE10521B7F8A5100346F33 /* TEALVisitorProfileDelegate.h */,
				71DE10531B7F8A5100346F33 /* TEALVisitorProfileHelpers.h */,
				71DE10541B7F8A5100346F33 /* TEALVisitorProfileHelpers.m */,
				71DE10551B7F8A5100346F33 /* TEALVisitorProfileStore.h */,
				71DE10561B7F8A5100346F33 /* TEALVisitorProfileStore.m */,
			);
			path = profile;
			sourceTree = "<group>";
		};
		71DE103E1B7F8A5100346F33 /* model */ = {
			isa = PBXGroup;
			children = (
				71DE103F1B7F8A5100346F33 /* TEALVisitorProfile+PrivateHeader.h */,
				71DE10401B7F8A5100346F33 /* TEALVisitorProfile.h */,
				71DE10411B7F8A5100346F33 /* TEALVisitorProfile.m */,
				71DE10421B7F8A5100346F33 /* TEALVisitorProfileAudienceAttribute.h */,
				71DE10431B7F8A5100346F33 /* TEALVisitorProfileAudienceAttribute.m */,
				71DE10441B7F8A5100346F33 /* TEALVisitorProfileBadgeAttribute.h */,
				71DE10451B7F8A5100346F33 /* TEALVisitorProfileBadgeAttribute.m */,
				71DE10461B7F8A5100346F33 /* TEALVisitorProfileBaseAttribute.h */,
				71DE10471B7F8A5100346F33 /* TEALVisitorProfileBaseAttribute.m */,
				71DE10481B7F8A5100346F33 /* TEALVisitorProfileCurrentVisit.h */,
				71DE10491B7F8A5100346F33 /* TEALVisitorProfileCurrentVisit.m */,
				71DE104A1B7F8A5100346F33 /* TEALVisitorProfileDateAttribute.h */,
				71DE104B1B7F8A5100346F33 /* TEALVisitorProfileDateAttribute.m */,
				71DE104C1B7F8A5100346F33 /* TEALVisitorProfileFlagAttribute.h */,
				71DE104D1B7F8A5100346F33 /* TEALVisitorProfileFlagAttribute.m */,
				71DE104E1B7F8A5100346F33 /* TEALVisitorProfileMetricAttribute.h */,
				71DE104F1B7F8A5100346F33 /* TEALVisitorProfileMetricAttribute.m */,
				71DE10501B7F8A5100346F33 /* TEALVisitorProfilePropertyAttribute.h */,
				71DE10511B7F8A5100346F33 /* TEALVisitorProfilePropertyAttribute.m */,
			);
			path = model;
			sourceTree = "<group>";
		};
/* End PBXGroup section */

/* Begin PBXHeadersBuildPhase section */
		37A75A981B57049B00E6E9E2 /* Headers */ = {
			isa = PBXHeadersBuildPhase;
			buildActionMask = 2147483647;
			files = (
				37A75A991B57050400E6E9E2 /* TEALDatasourceConstants.h in Headers */,
				37A75A9E1B57050400E6E9E2 /* TEALNetworkHelpers.h in Headers */,
				37A75AAF1B57050400E6E9E2 /* TEALActionQueueManager.h in Headers */,
				37A75AB01B57050400E6E9E2 /* TEALError.h in Headers */,
				37A75AB11B57050400E6E9E2 /* TEALLogger.h in Headers */,
				37A75AB21B57050400E6E9E2 /* TEALOperationManager.h in Headers */,
				37A75AB31B57050400E6E9E2 /* TEALSystemHelpers.h in Headers */,
				37A75AB41B57050400E6E9E2 /* TEALSystemProtocols.h in Headers */,
				7123B5F01B6BB7A800EA308C /* NSObject+Tealium.h in Headers */,
				7167F8A31B6AD49B00C3568D /* TEALPublishSettings.h in Headers */,
				E726B10A1B5D6353007864E4 /* TEALReachabilityManager.h in Headers */,
				7123B5EA1B6BB7A800EA308C /* NSDate+Tealium.h in Headers */,
				7123B60C1B6BB81600EA308C /* TEALDispatchConstants.h in Headers */,
				7123B6011B6BB7A800EA308C /* TEALSimpleNetworkManager.h in Headers */,
				7123B5F31B6BB7A800EA308C /* NSString+Tealium.h in Headers */,
				7123B5E71B6BB7A800EA308C /* NSArray+Tealium.h in Headers */,
				7123B5ED1B6BB7A800EA308C /* NSDictionary+Tealium.h in Headers */,
				7123B6051B6BB7A800EA308C /* TEALDataQueue.h in Headers */,
				7123B5F61B6BB7A800EA308C /* UIColor+Tealium.h in Headers */,
				7123B5F91B6BB7A800EA308C /* UIImage+Tealium.h in Headers */,
				7167F8AB1B6B035D00C3568D /* TEALPublishSettingsStore.h in Headers */,
				71E760211B604447005DB7C8 /* TEALDelegateManager.h in Headers */,
				71DE10031B7ED09300346F33 /* TEALBlocks.h in Headers */,
				7123B6041B6BB7A800EA308C /* TEALDataQueue+PrivateHeaders.h in Headers */,
				71DE102C1B7ED16600346F33 /* TEALURLSessionManager.h in Headers */,
				71DE10361B7ED48E00346F33 /* TEALSharedDatasources.h in Headers */,
				71DE10121B7ED0F700346F33 /* TEALAutotrackingManager.h in Headers */,
				71DE101B1B7ED0F700346F33 /* UIViewController+Tealium.h in Headers */,
				71DE10151B7ED0F700346F33 /* UIApplication+Tealium.h in Headers */,
				71DE10261B7ED16600346F33 /* TEALCollectNetworkService.h in Headers */,
				71DE100F1B7ED0F700346F33 /* TEALAutotrackDataSources.h in Headers */,
				71DE10311B7ED3D200346F33 /* TEALDatasources.h in Headers */,
				71DE106D1B7F8A5100346F33 /* TEALVisitorProfileStore.h in Headers */,
				71DE10571B7F8A5100346F33 /* TEALVisitorProfile+PrivateHeader.h in Headers */,
				71DE105E1B7F8A5100346F33 /* TEALVisitorProfileBaseAttribute.h in Headers */,
				71DE10581B7F8A5100346F33 /* TEALVisitorProfile.h in Headers */,
				71DE106A1B7F8A5100346F33 /* TEALVisitorProfileDelegate.h in Headers */,
				71DE10601B7F8A5100346F33 /* TEALVisitorProfileCurrentVisit.h in Headers */,
				71DE10681B7F8A5100346F33 /* TEALVisitorProfilePropertyAttribute.h in Headers */,
				71DE10621B7F8A5100346F33 /* TEALVisitorProfileDateAttribute.h in Headers */,
				71DE10721B7F8B8200346F33 /* TEALModuleManager.h in Headers */,
				71DE105A1B7F8A5100346F33 /* TEALVisitorProfileAudienceAttribute.h in Headers */,
				71DE106B1B7F8A5100346F33 /* TEALVisitorProfileHelpers.h in Headers */,
				71DE10641B7F8A5100346F33 /* TEALVisitorProfileFlagAttribute.h in Headers */,
				71DE10661B7F8A5100346F33 /* TEALVisitorProfileMetricAttribute.h in Headers */,
				71DE105C1B7F8A5100346F33 /* TEALVisitorProfileBadgeAttribute.h in Headers */,
				71DE10291B7ED16600346F33 /* TEALTagNetworkService.h in Headers */,
				E726B10E1B5D6362007864E4 /* TEALDispatchManager.h in Headers */,
				71DCA7B01B59547D001706CF /* TEALDispatchNetworkService.h in Headers */,
				71DCA7C31B5971D0001706CF /* TEALDispatch.h in Headers */,
				71DCA7C71B599E60001706CF /* TEALApplicationLifecycle.h in Headers */,
				7167F8A71B6AFD8D00C3568D /* TEALSettings.h in Headers */,
				71E7601E1B6041DB005DB7C8 /* TealiumDelegate.h in Headers */,
				71F041DB1B694D8C00A8E27F /* TEALConfiguration.h in Headers */,
				37A75AC51B57050400E6E9E2 /* Tealium.h in Headers */,
				7115BA5B1B6BF1120072F3A4 /* TEALDatasourceStore.h in Headers */,
			);
			runOnlyForDeploymentPostprocessing = 0;
		};
/* End PBXHeadersBuildPhase section */

/* Begin PBXNativeTarget section */
		37A759F01B56F70E00E6E9E2 /* Tealium */ = {
			isa = PBXNativeTarget;
			buildConfigurationList = 37A75A051B56F70E00E6E9E2 /* Build configuration list for PBXNativeTarget "Tealium" */;
			buildPhases = (
				37A759ED1B56F70E00E6E9E2 /* Sources */,
				37A759EE1B56F70E00E6E9E2 /* Frameworks */,
				37A75A981B57049B00E6E9E2 /* Headers */,
				37A75AC61B570EDB00E6E9E2 /* ShellScript */,
			);
			buildRules = (
			);
			dependencies = (
			);
			name = Tealium;
			productName = Tealium;
			productReference = 37A759F11B56F70E00E6E9E2 /* libTealium.a */;
			productType = "com.apple.product-type.library.static";
		};
		37A759FB1B56F70E00E6E9E2 /* TealiumTests */ = {
			isa = PBXNativeTarget;
			buildConfigurationList = 37A75A081B56F70E00E6E9E2 /* Build configuration list for PBXNativeTarget "TealiumTests" */;
			buildPhases = (
				37A759F81B56F70E00E6E9E2 /* Sources */,
				37A759F91B56F70E00E6E9E2 /* Frameworks */,
				37A759FA1B56F70E00E6E9E2 /* Resources */,
			);
			buildRules = (
			);
			dependencies = (
				37A759FF1B56F70E00E6E9E2 /* PBXTargetDependency */,
			);
			name = TealiumTests;
			productName = TealiumTests;
			productReference = 37A759FC1B56F70E00E6E9E2 /* TealiumTests.xctest */;
			productType = "com.apple.product-type.bundle.unit-test";
		};
/* End PBXNativeTarget section */

/* Begin PBXProject section */
		37A759E91B56F70E00E6E9E2 /* Project object */ = {
			isa = PBXProject;
			attributes = {
				LastUpgradeCheck = 0640;
				ORGANIZATIONNAME = "Tealium Inc.";
				TargetAttributes = {
					37A759F01B56F70E00E6E9E2 = {
						CreatedOnToolsVersion = 6.4;
					};
					37A759FB1B56F70E00E6E9E2 = {
						CreatedOnToolsVersion = 6.4;
					};
					37EBA2411B571C4C0010CB75 = {
						CreatedOnToolsVersion = 6.4;
					};
				};
			};
			buildConfigurationList = 37A759EC1B56F70E00E6E9E2 /* Build configuration list for PBXProject "Tealium" */;
			compatibilityVersion = "Xcode 3.2";
			developmentRegion = English;
			hasScannedForEncodings = 0;
			knownRegions = (
				en,
			);
			mainGroup = 37A759E81B56F70E00E6E9E2;
			productRefGroup = 37A759F21B56F70E00E6E9E2 /* Products */;
			projectDirPath = "";
			projectRoot = "";
			targets = (
				37A759F01B56F70E00E6E9E2 /* Tealium */,
				37A759FB1B56F70E00E6E9E2 /* TealiumTests */,
				37EBA2411B571C4C0010CB75 /* Framework */,
			);
		};
/* End PBXProject section */

/* Begin PBXResourcesBuildPhase section */
		37A759FA1B56F70E00E6E9E2 /* Resources */ = {
			isa = PBXResourcesBuildPhase;
			buildActionMask = 2147483647;
			files = (
			);
			runOnlyForDeploymentPostprocessing = 0;
		};
/* End PBXResourcesBuildPhase section */

/* Begin PBXShellScriptBuildPhase section */
		37A75AC61B570EDB00E6E9E2 /* ShellScript */ = {
			isa = PBXShellScriptBuildPhase;
			buildActionMask = 2147483647;
			files = (
			);
			inputPaths = (
			);
			outputPaths = (
			);
			runOnlyForDeploymentPostprocessing = 0;
			shellPath = /bin/sh;
			shellScript = "set -e\n\nexport FRAMEWORK_LOCATION=\"${BUILT_PRODUCTS_DIR}/${PRODUCT_NAME}.framework\"\n\n# Create the path to the real Headers die\nmkdir -p \"${FRAMEWORK_LOCATION}/Versions/A/Headers\"\n\n# Create the required symlinks\n/bin/ln -sfh A \"${FRAMEWORK_LOCATION}/Versions/Current\"\n/bin/ln -sfh Versions/Current/Headers \"${FRAMEWORK_LOCATION}/Headers\"\n/bin/ln -sfh \"Versions/Current/${PRODUCT_NAME}\" \\\n\"${FRAMEWORK_LOCATION}/${PRODUCT_NAME}\"\n\n# Copy the public headers into the framework\n/bin/cp -a \"${TARGET_BUILD_DIR}/${PUBLIC_HEADERS_FOLDER_PATH}/\" \\\n\"${FRAMEWORK_LOCATION}/Versions/A/Headers\"";
		};
		37EBA2451B571C530010CB75 /* ShellScript */ = {
			isa = PBXShellScriptBuildPhase;
			buildActionMask = 2147483647;
			files = (
			);
			inputPaths = (
			);
			outputPaths = (
			);
			runOnlyForDeploymentPostprocessing = 0;
			shellPath = /bin/sh;
			shellScript = "# modified http://www.raywenderlich.com/65964/create-a-framework-for-ios\n\nset -e\n\n# If we're already inside this script then die\nif [ -n \"$TEAL_MULTIPLATFORM_BUILD_IN_PROGRESS\" ]; then\nexit 0\nfi\nexport TEAL_MULTIPLATFORM_BUILD_IN_PROGRESS=1\n\nTEAL_FRAMEWORK_NAME=${PRODUCT_NAME}\nTEAL_INPUT_STATIC_LIB=\"lib${PRODUCT_NAME}.a\"\nTEAL_FRAMEWORK_LOCATION=\"${BUILT_PRODUCTS_DIR}/${TEAL_FRAMEWORK_NAME}.framework\"\n\nfunction build_static_library {\n    # Will rebuild the static library as specified\n    #     build_static_library sdk\n    xcrun xcodebuild -project \"${PROJECT_FILE_PATH}\" \\\n    -target \"${TARGET_NAME}\" \\\n    -configuration \"${CONFIGURATION}\" \\\n    -sdk \"${1}\" \\\n    ONLY_ACTIVE_ARCH=NO \\\n    BUILD_DIR=\"${BUILD_DIR}\" \\\n    OBJROOT=\"${OBJROOT}\" \\\n    BUILD_ROOT=\"${BUILD_ROOT}\" \\\n    SYMROOT=\"${SYMROOT}\" $ACTION\n}\n\nfunction make_fat_library {\n    # Will smash 2 static libs together\n    #     make_fat_library in1 in2 out\n    xcrun lipo -create \"${1}\" \"${2}\" -output \"${3}\"\n}\n\n# 1 - Extract the platform (iphoneos/iphonesimulator) from the SDK name\nif [[ \"$SDK_NAME\" =~ ([A-Za-z]+) ]]; then\nTEAL_SDK_PLATFORM=${BASH_REMATCH[1]}\nelse\necho \"Could not find platform name from SDK_NAME: $SDK_NAME\"\nexit 1\nfi\n\n# 2 - Extract the version from the SDK\nif [[ \"$SDK_NAME\" =~ ([0-9]+.*$) ]]; then\nTEAL_SDK_VERSION=${BASH_REMATCH[1]}\nelse\necho \"Could not find sdk version from SDK_NAME: $SDK_NAME\"\nexit 1\nfi\n\n# 3 - Determine the other platform\nif [ \"$TEAL_SDK_PLATFORM\" == \"iphoneos\" ]; then\nTEAL_OTHER_PLATFORM=iphonesimulator\nelse\nTEAL_OTHER_PLATFORM=iphoneos\nfi\n\n# 4 - Find the build directory\nif [[ \"$BUILT_PRODUCTS_DIR\" =~ (.*)$TEAL_SDK_PLATFORM$ ]]; then\nTEAL_OTHER_BUILT_PRODUCTS_DIR=\"${BASH_REMATCH[1]}${TEAL_OTHER_PLATFORM}\"\nelse\necho \"Could not find other platform build directory.\"\nexit 1\nfi\n\n# Build the other platform.\nbuild_static_library \"${TEAL_OTHER_PLATFORM}${TEAL_SDK_VERSION}\"\n\n# If we're currently building for iphonesimulator, then need to rebuild\n#   to ensure that we get both i386 and x86_64\nif [ \"$TEAL_SDK_PLATFORM\" == \"iphonesimulator\" ]; then\nbuild_static_library \"${SDK_NAME}\"\nfi\n\n# Join the 2 static libs into 1 and push into the .framework\nmake_fat_library \"${BUILT_PRODUCTS_DIR}/${TEAL_INPUT_STATIC_LIB}\" \\\n\"${TEAL_OTHER_BUILT_PRODUCTS_DIR}/${TEAL_INPUT_STATIC_LIB}\" \\\n\"${TEAL_FRAMEWORK_LOCATION}/Versions/A/${TEAL_FRAMEWORK_NAME}\"\n\n# Ensure that the framework is present in both platform's build directories\ncp -a \"${TEAL_FRAMEWORK_LOCATION}/Versions/A/${TEAL_FRAMEWORK_NAME}\" \\\n\"${TEAL_OTHER_BUILT_PRODUCTS_DIR}/${TEAL_FRAMEWORK_NAME}.framework/Versions/A/${TEAL_FRAMEWORK_NAME}\"\n\n# Remove any pre-existing build\nrm -rf ${SRCROOT}/../audiencestream-builds/${TEAL_FRAMEWORK_NAME}.framework\n\n# Copy the framework to sibling ios-library-new directory\nditto \"${TEAL_FRAMEWORK_LOCATION}\" \"${SRCROOT}/../../builds/${TEAL_FRAMEWORK_NAME}.framework\"";
		};
/* End PBXShellScriptBuildPhase section */

/* Begin PBXSourcesBuildPhase section */
		37A759ED1B56F70E00E6E9E2 /* Sources */ = {
			isa = PBXSourcesBuildPhase;
			buildActionMask = 2147483647;
			files = (
				71DE10651B7F8A5100346F33 /* TEALVisitorProfileFlagAttribute.m in Sources */,
				71DE10671B7F8A5100346F33 /* TEALVisitorProfileMetricAttribute.m in Sources */,
				71DE101C1B7ED0F700346F33 /* UIViewController+Tealium.m in Sources */,
				71DE10161B7ED0F700346F33 /* UIApplication+Tealium.m in Sources */,
				71DE10321B7ED3D200346F33 /* TEALDatasources.m in Sources */,
				7123B5E81B6BB7A800EA308C /* NSArray+Tealium.m in Sources */,
				7167F8AC1B6B035D00C3568D /* TEALPublishSettingsStore.m in Sources */,
				71DCA7C81B599E60001706CF /* TEALApplicationLifecycle.m in Sources */,
				7123B5F71B6BB7A800EA308C /* UIColor+Tealium.m in Sources */,
				7123B5FA1B6BB7A800EA308C /* UIImage+Tealium.m in Sources */,
				7123B5F41B6BB7A800EA308C /* NSString+Tealium.m in Sources */,
				71DE105B1B7F8A5100346F33 /* TEALVisitorProfileAudienceAttribute.m in Sources */,
				71DE10131B7ED0F700346F33 /* TEALAutotrackingManager.m in Sources */,
				71DE10631B7F8A5100346F33 /* TEALVisitorProfileDateAttribute.m in Sources */,
				71DE10271B7ED16600346F33 /* TEALCollectNetworkService.m in Sources */,
				E726B10F1B5D6362007864E4 /* TEALDispatchManager.m in Sources */,
				37A75A881B56F7C200E6E9E2 /* TEALSystemHelpers.m in Sources */,
				37A75A861B56F7C200E6E9E2 /* TEALLogger.m in Sources */,
				71DE106E1B7F8A5100346F33 /* TEALVisitorProfileStore.m in Sources */,
				71E760221B604447005DB7C8 /* TEALDelegateManager.m in Sources */,
				37A75A851B56F7C200E6E9E2 /* TEALError.m in Sources */,
				7123B6021B6BB7A800EA308C /* TEALSimpleNetworkManager.m in Sources */,
				71DCA7C41B5971D0001706CF /* TEALDispatch.m in Sources */,
				71DE10691B7F8A5100346F33 /* TEALVisitorProfilePropertyAttribute.m in Sources */,
				7123B5EE1B6BB7A800EA308C /* NSDictionary+Tealium.m in Sources */,
				71DE102A1B7ED16600346F33 /* TEALTagNetworkService.m in Sources */,
				7123B5EB1B6BB7A800EA308C /* NSDate+Tealium.m in Sources */,
				7123B5F11B6BB7A800EA308C /* NSObject+Tealium.m in Sources */,
				7123B6061B6BB7A800EA308C /* TEALDataQueue.m in Sources */,
				71DE10371B7ED48E00346F33 /* TEALSharedDatasources.m in Sources */,
				71DE102D1B7ED16600346F33 /* TEALURLSessionManager.m in Sources */,
				E726B10B1B5D6353007864E4 /* TEALReachabilityManager.m in Sources */,
				71DE105D1B7F8A5100346F33 /* TEALVisitorProfileBadgeAttribute.m in Sources */,
				37A759F71B56F70E00E6E9E2 /* Tealium.m in Sources */,
				37A75A841B56F7C200E6E9E2 /* TEALActionQueueManager.m in Sources */,
				7167F8A81B6AFD8D00C3568D /* TEALSettings.m in Sources */,
				37A75A701B56F7C200E6E9E2 /* TEALDatasourceConstants.m in Sources */,
				71DE10731B7F8B8200346F33 /* TEALModuleManager.m in Sources */,
				71DE106C1B7F8A5100346F33 /* TEALVisitorProfileHelpers.m in Sources */,
				37A75A871B56F7C200E6E9E2 /* TEALOperationManager.m in Sources */,
				71F041DC1B694D8C00A8E27F /* TEALConfiguration.m in Sources */,
				7167F8A41B6AD49B00C3568D /* TEALPublishSettings.m in Sources */,
				71DE10591B7F8A5100346F33 /* TEALVisitorProfile.m in Sources */,
				7115BA5C1B6BF1120072F3A4 /* TEALDatasourceStore.m in Sources */,
				71DE10611B7F8A5100346F33 /* TEALVisitorProfileCurrentVisit.m in Sources */,
				37A75A751B56F7C200E6E9E2 /* TEALNetworkHelpers.m in Sources */,
				71DE105F1B7F8A5100346F33 /* TEALVisitorProfileBaseAttribute.m in Sources */,
				71DE10101B7ED0F700346F33 /* TEALAutotrackDataSources.m in Sources */,
			);
			runOnlyForDeploymentPostprocessing = 0;
		};
		37A759F81B56F70E00E6E9E2 /* Sources */ = {
			isa = PBXSourcesBuildPhase;
			buildActionMask = 2147483647;
			files = (
				71DE10171B7ED0F700346F33 /* UIApplication+Tealium.m in Sources */,
				7123B5EF1B6BB7A800EA308C /* NSDictionary+Tealium.m in Sources */,
				7123B5E91B6BB7A800EA308C /* NSArray+Tealium.m in Sources */,
				7167F8AE1B6B21F700C3568D /* TEALPublishSettingsStore.m in Sources */,
				7123B5FB1B6BB7A800EA308C /* UIImage+Tealium.m in Sources */,
				7123B5F51B6BB7A800EA308C /* NSString+Tealium.m in Sources */,
				71DE101D1B7ED0F700346F33 /* UIViewController+Tealium.m in Sources */,
				7123B5F81B6BB7A800EA308C /* UIColor+Tealium.m in Sources */,
				7167F8B01B6B21FE00C3568D /* TEALConfiguration.m in Sources */,
				7167F8AD1B6B21F400C3568D /* TEALSettings.m in Sources */,
				71DE10141B7ED0F700346F33 /* TEALAutotrackingManager.m in Sources */,
				71DE102E1B7ED16600346F33 /* TEALURLSessionManager.m in Sources */,
				7123B6031B6BB7A800EA308C /* TEALSimpleNetworkManager.m in Sources */,
				71DE10281B7ED16600346F33 /* TEALCollectNetworkService.m in Sources */,
				7123B5F21B6BB7A800EA308C /* NSObject+Tealium.m in Sources */,
				7123B5EC1B6BB7A800EA308C /* NSDate+Tealium.m in Sources */,
				7167F8AF1B6B21FB00C3568D /* TEALPublishSettings.m in Sources */,
				7123B6071B6BB7A800EA308C /* TEALDataQueue.m in Sources */,
				71DE10111B7ED0F700346F33 /* TEALAutotrackDataSources.m in Sources */,
				71DE102B1B7ED16600346F33 /* TEALTagNetworkService.m in Sources */,
			);
			runOnlyForDeploymentPostprocessing = 0;
		};
/* End PBXSourcesBuildPhase section */

/* Begin PBXTargetDependency section */
		37A759FF1B56F70E00E6E9E2 /* PBXTargetDependency */ = {
			isa = PBXTargetDependency;
			target = 37A759F01B56F70E00E6E9E2 /* Tealium */;
			targetProxy = 37A759FE1B56F70E00E6E9E2 /* PBXContainerItemProxy */;
		};
		37EBA2471B571C5D0010CB75 /* PBXTargetDependency */ = {
			isa = PBXTargetDependency;
			target = 37A759F01B56F70E00E6E9E2 /* Tealium */;
			targetProxy = 37EBA2461B571C5D0010CB75 /* PBXContainerItemProxy */;
		};
/* End PBXTargetDependency section */

/* Begin XCBuildConfiguration section */
		37A75A031B56F70E00E6E9E2 /* Debug */ = {
			isa = XCBuildConfiguration;
			buildSettings = {
				ALWAYS_SEARCH_USER_PATHS = NO;
				CLANG_CXX_LANGUAGE_STANDARD = "gnu++0x";
				CLANG_CXX_LIBRARY = "libc++";
				CLANG_ENABLE_MODULES = YES;
				CLANG_ENABLE_OBJC_ARC = YES;
				CLANG_WARN_BOOL_CONVERSION = YES;
				CLANG_WARN_CONSTANT_CONVERSION = YES;
				CLANG_WARN_DIRECT_OBJC_ISA_USAGE = YES_ERROR;
				CLANG_WARN_EMPTY_BODY = YES;
				CLANG_WARN_ENUM_CONVERSION = YES;
				CLANG_WARN_INT_CONVERSION = YES;
				CLANG_WARN_OBJC_ROOT_CLASS = YES_ERROR;
				CLANG_WARN_UNREACHABLE_CODE = YES;
				CLANG_WARN__DUPLICATE_METHOD_MATCH = YES;
				COPY_PHASE_STRIP = NO;
				DEBUG_INFORMATION_FORMAT = "dwarf-with-dsym";
				ENABLE_STRICT_OBJC_MSGSEND = YES;
				GCC_C_LANGUAGE_STANDARD = gnu99;
				GCC_DYNAMIC_NO_PIC = NO;
				GCC_NO_COMMON_BLOCKS = YES;
				GCC_OPTIMIZATION_LEVEL = 0;
				GCC_PREPROCESSOR_DEFINITIONS = (
					"DEBUG=1",
					"$(inherited)",
				);
				GCC_SYMBOLS_PRIVATE_EXTERN = NO;
				GCC_WARN_64_TO_32_BIT_CONVERSION = YES;
				GCC_WARN_ABOUT_RETURN_TYPE = YES_ERROR;
				GCC_WARN_UNDECLARED_SELECTOR = YES;
				GCC_WARN_UNINITIALIZED_AUTOS = YES_AGGRESSIVE;
				GCC_WARN_UNUSED_FUNCTION = YES;
				GCC_WARN_UNUSED_VARIABLE = YES;
				IPHONEOS_DEPLOYMENT_TARGET = 8.4;
				MTL_ENABLE_DEBUG_INFO = YES;
				ONLY_ACTIVE_ARCH = YES;
				SDKROOT = iphoneos;
			};
			name = Debug;
		};
		37A75A041B56F70E00E6E9E2 /* Release */ = {
			isa = XCBuildConfiguration;
			buildSettings = {
				ALWAYS_SEARCH_USER_PATHS = NO;
				CLANG_CXX_LANGUAGE_STANDARD = "gnu++0x";
				CLANG_CXX_LIBRARY = "libc++";
				CLANG_ENABLE_MODULES = YES;
				CLANG_ENABLE_OBJC_ARC = YES;
				CLANG_WARN_BOOL_CONVERSION = YES;
				CLANG_WARN_CONSTANT_CONVERSION = YES;
				CLANG_WARN_DIRECT_OBJC_ISA_USAGE = YES_ERROR;
				CLANG_WARN_EMPTY_BODY = YES;
				CLANG_WARN_ENUM_CONVERSION = YES;
				CLANG_WARN_INT_CONVERSION = YES;
				CLANG_WARN_OBJC_ROOT_CLASS = YES_ERROR;
				CLANG_WARN_UNREACHABLE_CODE = YES;
				CLANG_WARN__DUPLICATE_METHOD_MATCH = YES;
				COPY_PHASE_STRIP = NO;
				DEBUG_INFORMATION_FORMAT = "dwarf-with-dsym";
				ENABLE_NS_ASSERTIONS = NO;
				ENABLE_STRICT_OBJC_MSGSEND = YES;
				GCC_C_LANGUAGE_STANDARD = gnu99;
				GCC_NO_COMMON_BLOCKS = YES;
				GCC_WARN_64_TO_32_BIT_CONVERSION = YES;
				GCC_WARN_ABOUT_RETURN_TYPE = YES_ERROR;
				GCC_WARN_UNDECLARED_SELECTOR = YES;
				GCC_WARN_UNINITIALIZED_AUTOS = YES_AGGRESSIVE;
				GCC_WARN_UNUSED_FUNCTION = YES;
				GCC_WARN_UNUSED_VARIABLE = YES;
				IPHONEOS_DEPLOYMENT_TARGET = 8.4;
				MTL_ENABLE_DEBUG_INFO = NO;
				SDKROOT = iphoneos;
				VALIDATE_PRODUCT = YES;
			};
			name = Release;
		};
		37A75A061B56F70E00E6E9E2 /* Debug */ = {
			isa = XCBuildConfiguration;
			buildSettings = {
				DEAD_CODE_STRIPPING = NO;
				OTHER_LDFLAGS = "-ObjC";
				PRODUCT_NAME = "$(TARGET_NAME)";
				PUBLIC_HEADERS_FOLDER_PATH = "include/$(PROJECT_NAME)";
				SKIP_INSTALL = YES;
				STRIP_STYLE = "non-global";
			};
			name = Debug;
		};
		37A75A071B56F70E00E6E9E2 /* Release */ = {
			isa = XCBuildConfiguration;
			buildSettings = {
				DEAD_CODE_STRIPPING = NO;
				OTHER_LDFLAGS = "-ObjC";
				PRODUCT_NAME = "$(TARGET_NAME)";
				PUBLIC_HEADERS_FOLDER_PATH = "include/$(PROJECT_NAME)";
				SKIP_INSTALL = YES;
				STRIP_STYLE = "non-global";
			};
			name = Release;
		};
		37A75A091B56F70E00E6E9E2 /* Debug */ = {
			isa = XCBuildConfiguration;
			buildSettings = {
				"CODE_SIGN_IDENTITY[sdk=iphoneos*]" = "iPhone Developer";
				FRAMEWORK_SEARCH_PATHS = (
					"$(SDKROOT)/Developer/Library/Frameworks",
					"$(inherited)",
				);
				GCC_PREPROCESSOR_DEFINITIONS = (
					"DEBUG=1",
					"$(inherited)",
					"TEST=1",
				);
				INFOPLIST_FILE = TealiumTests/Info.plist;
				LD_RUNPATH_SEARCH_PATHS = "$(inherited) @executable_path/Frameworks @loader_path/Frameworks";
				PRODUCT_NAME = "$(TARGET_NAME)";
			};
			name = Debug;
		};
		37A75A0A1B56F70E00E6E9E2 /* Release */ = {
			isa = XCBuildConfiguration;
			buildSettings = {
				"CODE_SIGN_IDENTITY[sdk=iphoneos*]" = "iPhone Developer";
				FRAMEWORK_SEARCH_PATHS = (
					"$(SDKROOT)/Developer/Library/Frameworks",
					"$(inherited)",
				);
				GCC_PREPROCESSOR_DEFINITIONS = "TEST=1";
				INFOPLIST_FILE = TealiumTests/Info.plist;
				LD_RUNPATH_SEARCH_PATHS = "$(inherited) @executable_path/Frameworks @loader_path/Frameworks";
				PRODUCT_NAME = "$(TARGET_NAME)";
			};
			name = Release;
		};
		37EBA2431B571C4C0010CB75 /* Debug */ = {
			isa = XCBuildConfiguration;
			buildSettings = {
				PRODUCT_NAME = Tealium;
			};
			name = Debug;
		};
		37EBA2441B571C4C0010CB75 /* Release */ = {
			isa = XCBuildConfiguration;
			buildSettings = {
				PRODUCT_NAME = Tealium;
			};
			name = Release;
		};
/* End XCBuildConfiguration section */

/* Begin XCConfigurationList section */
		37A759EC1B56F70E00E6E9E2 /* Build configuration list for PBXProject "Tealium" */ = {
			isa = XCConfigurationList;
			buildConfigurations = (
				37A75A031B56F70E00E6E9E2 /* Debug */,
				37A75A041B56F70E00E6E9E2 /* Release */,
			);
			defaultConfigurationIsVisible = 0;
			defaultConfigurationName = Release;
		};
		37A75A051B56F70E00E6E9E2 /* Build configuration list for PBXNativeTarget "Tealium" */ = {
			isa = XCConfigurationList;
			buildConfigurations = (
				37A75A061B56F70E00E6E9E2 /* Debug */,
				37A75A071B56F70E00E6E9E2 /* Release */,
			);
			defaultConfigurationIsVisible = 0;
			defaultConfigurationName = Release;
		};
		37A75A081B56F70E00E6E9E2 /* Build configuration list for PBXNativeTarget "TealiumTests" */ = {
			isa = XCConfigurationList;
			buildConfigurations = (
				37A75A091B56F70E00E6E9E2 /* Debug */,
				37A75A0A1B56F70E00E6E9E2 /* Release */,
			);
			defaultConfigurationIsVisible = 0;
			defaultConfigurationName = Release;
		};
		37EBA2421B571C4C0010CB75 /* Build configuration list for PBXAggregateTarget "Framework" */ = {
			isa = XCConfigurationList;
			buildConfigurations = (
				37EBA2431B571C4C0010CB75 /* Debug */,
				37EBA2441B571C4C0010CB75 /* Release */,
			);
			defaultConfigurationIsVisible = 0;
			defaultConfigurationName = Release;
		};
/* End XCConfigurationList section */
	};
	rootObject = 37A759E91B56F70E00E6E9E2 /* Project object */;
}
