// !$*UTF8*$!
{
	archiveVersion = 1;
	classes = {
	};
	objectVersion = 46;
	objects = {

/* Begin PBXBuildFile section */
		37A75AD71B57109E00E6E9E2 /* main.m in Sources */ = {isa = PBXBuildFile; fileRef = 37A75AD61B57109E00E6E9E2 /* main.m */; };
		37A75ADA1B57109E00E6E9E2 /* AppDelegate.m in Sources */ = {isa = PBXBuildFile; fileRef = 37A75AD91B57109E00E6E9E2 /* AppDelegate.m */; };
		37A75AE01B57109E00E6E9E2 /* Main.storyboard in Resources */ = {isa = PBXBuildFile; fileRef = 37A75ADE1B57109E00E6E9E2 /* Main.storyboard */; };
		37A75AE21B57109E00E6E9E2 /* Images.xcassets in Resources */ = {isa = PBXBuildFile; fileRef = 37A75AE11B57109E00E6E9E2 /* Images.xcassets */; };
		37A75AE51B57109E00E6E9E2 /* LaunchScreen.xib in Resources */ = {isa = PBXBuildFile; fileRef = 37A75AE31B57109E00E6E9E2 /* LaunchScreen.xib */; };
		37A75AF11B57109E00E6E9E2 /* TealiumTestsTests.m in Sources */ = {isa = PBXBuildFile; fileRef = 37A75AF01B57109E00E6E9E2 /* TealiumTestsTests.m */; };
		37EBA23D1B5718CE0010CB75 /* libTealium.a in Frameworks */ = {isa = PBXBuildFile; fileRef = 37A75B001B57168900E6E9E2 /* libTealium.a */; };
		37EBA2401B571A960010CB75 /* SystemConfiguration.framework in Frameworks */ = {isa = PBXBuildFile; fileRef = 37EBA23F1B571A960010CB75 /* SystemConfiguration.framework */; };
		37EBA24D1B571D4D0010CB75 /* TealiumTests.m in Sources */ = {isa = PBXBuildFile; fileRef = 37EBA24B1B571D4D0010CB75 /* TealiumTests.m */; };
		37EBA24E1B571D4D0010CB75 /* TEALSettingsStoreTests.m in Sources */ = {isa = PBXBuildFile; fileRef = 37EBA24C1B571D4D0010CB75 /* TEALSettingsStoreTests.m */; };
		713248D21B5EAED900543639 /* SecondViewController.m in Sources */ = {isa = PBXBuildFile; fileRef = 713248D11B5EAED900543639 /* SecondViewController.m */; };
		713248D71B5EB65F00543639 /* ShowViewTableViewCell.m in Sources */ = {isa = PBXBuildFile; fileRef = 713248D61B5EB65F00543639 /* ShowViewTableViewCell.m */; };
		71DCA7B71B5968A1001706CF /* APITester.m in Sources */ = {isa = PBXBuildFile; fileRef = 71DCA7B61B5968A1001706CF /* APITester.m */; };
/* End PBXBuildFile section */

/* Begin PBXContainerItemProxy section */
		37A75AEB1B57109E00E6E9E2 /* PBXContainerItemProxy */ = {
			isa = PBXContainerItemProxy;
			containerPortal = 37A75AC91B57109E00E6E9E2 /* Project object */;
			proxyType = 1;
			remoteGlobalIDString = 37A75AD01B57109E00E6E9E2;
			remoteInfo = TealiumTests;
		};
		37A75AFF1B57168900E6E9E2 /* PBXContainerItemProxy */ = {
			isa = PBXContainerItemProxy;
			containerPortal = 37A75AFA1B57168900E6E9E2 /* Tealium.xcodeproj */;
			proxyType = 2;
			remoteGlobalIDString = 37A759F11B56F70E00E6E9E2;
			remoteInfo = Tealium;
		};
		37A75B011B57168900E6E9E2 /* PBXContainerItemProxy */ = {
			isa = PBXContainerItemProxy;
			containerPortal = 37A75AFA1B57168900E6E9E2 /* Tealium.xcodeproj */;
			proxyType = 2;
			remoteGlobalIDString = 37A759FC1B56F70E00E6E9E2;
			remoteInfo = TealiumTests;
		};
		37EBA23B1B5718C00010CB75 /* PBXContainerItemProxy */ = {
			isa = PBXContainerItemProxy;
			containerPortal = 37A75AFA1B57168900E6E9E2 /* Tealium.xcodeproj */;
			proxyType = 1;
			remoteGlobalIDString = 37A759F01B56F70E00E6E9E2;
			remoteInfo = Tealium;
		};
/* End PBXContainerItemProxy section */

/* Begin PBXFileReference section */
		37A75AD11B57109E00E6E9E2 /* TealiumTests.app */ = {isa = PBXFileReference; explicitFileType = wrapper.application; includeInIndex = 0; path = TealiumTests.app; sourceTree = BUILT_PRODUCTS_DIR; };
		37A75AD51B57109E00E6E9E2 /* Info.plist */ = {isa = PBXFileReference; lastKnownFileType = text.plist.xml; path = Info.plist; sourceTree = "<group>"; };
		37A75AD61B57109E00E6E9E2 /* main.m */ = {isa = PBXFileReference; lastKnownFileType = sourcecode.c.objc; path = main.m; sourceTree = "<group>"; };
		37A75AD81B57109E00E6E9E2 /* AppDelegate.h */ = {isa = PBXFileReference; lastKnownFileType = sourcecode.c.h; path = AppDelegate.h; sourceTree = "<group>"; };
		37A75AD91B57109E00E6E9E2 /* AppDelegate.m */ = {isa = PBXFileReference; lastKnownFileType = sourcecode.c.objc; path = AppDelegate.m; sourceTree = "<group>"; };
		37A75ADF1B57109E00E6E9E2 /* Base */ = {isa = PBXFileReference; lastKnownFileType = file.storyboard; name = Base; path = Base.lproj/Main.storyboard; sourceTree = "<group>"; };
		37A75AE11B57109E00E6E9E2 /* Images.xcassets */ = {isa = PBXFileReference; lastKnownFileType = folder.assetcatalog; path = Images.xcassets; sourceTree = "<group>"; };
		37A75AE41B57109E00E6E9E2 /* Base */ = {isa = PBXFileReference; lastKnownFileType = file.xib; name = Base; path = Base.lproj/LaunchScreen.xib; sourceTree = "<group>"; };
		37A75AEA1B57109E00E6E9E2 /* TealiumTestsTests.xctest */ = {isa = PBXFileReference; explicitFileType = wrapper.cfbundle; includeInIndex = 0; path = TealiumTestsTests.xctest; sourceTree = BUILT_PRODUCTS_DIR; };
		37A75AEF1B57109E00E6E9E2 /* Info.plist */ = {isa = PBXFileReference; lastKnownFileType = text.plist.xml; path = Info.plist; sourceTree = "<group>"; };
		37A75AF01B57109E00E6E9E2 /* TealiumTestsTests.m */ = {isa = PBXFileReference; lastKnownFileType = sourcecode.c.objc; path = TealiumTestsTests.m; sourceTree = "<group>"; };
		37A75AFA1B57168900E6E9E2 /* Tealium.xcodeproj */ = {isa = PBXFileReference; lastKnownFileType = "wrapper.pb-project"; name = Tealium.xcodeproj; path = ../../../source/Tealium/Tealium.xcodeproj; sourceTree = "<group>"; };
		37EBA23F1B571A960010CB75 /* SystemConfiguration.framework */ = {isa = PBXFileReference; lastKnownFileType = wrapper.framework; name = SystemConfiguration.framework; path = System/Library/Frameworks/SystemConfiguration.framework; sourceTree = SDKROOT; };
		37EBA24A1B571D4D0010CB75 /* Tealium+PrivateHeader.h */ = {isa = PBXFileReference; fileEncoding = 4; lastKnownFileType = sourcecode.c.h; path = "Tealium+PrivateHeader.h"; sourceTree = "<group>"; };
		37EBA24B1B571D4D0010CB75 /* TealiumTests.m */ = {isa = PBXFileReference; fileEncoding = 4; lastKnownFileType = sourcecode.c.objc; path = TealiumTests.m; sourceTree = "<group>"; };
		37EBA24C1B571D4D0010CB75 /* TEALSettingsStoreTests.m */ = {isa = PBXFileReference; fileEncoding = 4; lastKnownFileType = sourcecode.c.objc; path = TEALSettingsStoreTests.m; sourceTree = "<group>"; };
		713248D01B5EAED900543639 /* SecondViewController.h */ = {isa = PBXFileReference; fileEncoding = 4; lastKnownFileType = sourcecode.c.h; path = SecondViewController.h; sourceTree = "<group>"; };
		713248D11B5EAED900543639 /* SecondViewController.m */ = {isa = PBXFileReference; fileEncoding = 4; lastKnownFileType = sourcecode.c.objc; path = SecondViewController.m; sourceTree = "<group>"; };
		713248D51B5EB65F00543639 /* ShowViewTableViewCell.h */ = {isa = PBXFileReference; fileEncoding = 4; lastKnownFileType = sourcecode.c.h; path = ShowViewTableViewCell.h; sourceTree = "<group>"; };
		713248D61B5EB65F00543639 /* ShowViewTableViewCell.m */ = {isa = PBXFileReference; fileEncoding = 4; lastKnownFileType = sourcecode.c.objc; path = ShowViewTableViewCell.m; sourceTree = "<group>"; };
		71DCA7B51B5968A1001706CF /* APITester.h */ = {isa = PBXFileReference; fileEncoding = 4; lastKnownFileType = sourcecode.c.h; path = APITester.h; sourceTree = "<group>"; };
		71DCA7B61B5968A1001706CF /* APITester.m */ = {isa = PBXFileReference; fileEncoding = 4; lastKnownFileType = sourcecode.c.objc; path = APITester.m; sourceTree = "<group>"; };
/* End PBXFileReference section */

/* Begin PBXFrameworksBuildPhase section */
		37A75ACE1B57109E00E6E9E2 /* Frameworks */ = {
			isa = PBXFrameworksBuildPhase;
			buildActionMask = 2147483647;
			files = (
				37EBA2401B571A960010CB75 /* SystemConfiguration.framework in Frameworks */,
				37EBA23D1B5718CE0010CB75 /* libTealium.a in Frameworks */,
			);
			runOnlyForDeploymentPostprocessing = 0;
		};
		37A75AE71B57109E00E6E9E2 /* Frameworks */ = {
			isa = PBXFrameworksBuildPhase;
			buildActionMask = 2147483647;
			files = (
			);
			runOnlyForDeploymentPostprocessing = 0;
		};
/* End PBXFrameworksBuildPhase section */

/* Begin PBXGroup section */
		37A75AC81B57109E00E6E9E2 = {
			isa = PBXGroup;
			children = (
				37A75AD31B57109E00E6E9E2 /* TealiumTests */,
				37A75AED1B57109E00E6E9E2 /* TealiumTestsTests */,
				37EBA2481B571CF00010CB75 /* Frameworks */,
				37A75AD21B57109E00E6E9E2 /* Products */,
			);
			sourceTree = "<group>";
		};
		37A75AD21B57109E00E6E9E2 /* Products */ = {
			isa = PBXGroup;
			children = (
				37A75AD11B57109E00E6E9E2 /* TealiumTests.app */,
				37A75AEA1B57109E00E6E9E2 /* TealiumTestsTests.xctest */,
			);
			name = Products;
			sourceTree = "<group>";
		};
		37A75AD31B57109E00E6E9E2 /* TealiumTests */ = {
			isa = PBXGroup;
			children = (
				37EBA2381B57188D0010CB75 /* Tealium Source */,
				37A75AD81B57109E00E6E9E2 /* AppDelegate.h */,
				37A75AD91B57109E00E6E9E2 /* AppDelegate.m */,
				71DCA7B51B5968A1001706CF /* APITester.h */,
				71DCA7B61B5968A1001706CF /* APITester.m */,
				713248D51B5EB65F00543639 /* ShowViewTableViewCell.h */,
				713248D61B5EB65F00543639 /* ShowViewTableViewCell.m */,
				713248D01B5EAED900543639 /* SecondViewController.h */,
				713248D11B5EAED900543639 /* SecondViewController.m */,
				37A75ADE1B57109E00E6E9E2 /* Main.storyboard */,
				37A75AE11B57109E00E6E9E2 /* Images.xcassets */,
				37A75AE31B57109E00E6E9E2 /* LaunchScreen.xib */,
				37A75AD41B57109E00E6E9E2 /* Supporting Files */,
			);
			path = TealiumTests;
			sourceTree = "<group>";
		};
		37A75AD41B57109E00E6E9E2 /* Supporting Files */ = {
			isa = PBXGroup;
			children = (
				37A75AD51B57109E00E6E9E2 /* Info.plist */,
				37A75AD61B57109E00E6E9E2 /* main.m */,
			);
			name = "Supporting Files";
			sourceTree = "<group>";
		};
		37A75AED1B57109E00E6E9E2 /* TealiumTestsTests */ = {
			isa = PBXGroup;
			children = (
				37EBA24A1B571D4D0010CB75 /* Tealium+PrivateHeader.h */,
				37EBA24B1B571D4D0010CB75 /* TealiumTests.m */,
				37EBA24C1B571D4D0010CB75 /* TEALSettingsStoreTests.m */,
				37A75AF01B57109E00E6E9E2 /* TealiumTestsTests.m */,
				37A75AEE1B57109E00E6E9E2 /* Supporting Files */,
			);
			path = TealiumTestsTests;
			sourceTree = "<group>";
		};
		37A75AEE1B57109E00E6E9E2 /* Supporting Files */ = {
			isa = PBXGroup;
			children = (
				37A75AEF1B57109E00E6E9E2 /* Info.plist */,
			);
			name = "Supporting Files";
			sourceTree = "<group>";
		};
		37A75AFB1B57168900E6E9E2 /* Products */ = {
			isa = PBXGroup;
			children = (
				37A75B001B57168900E6E9E2 /* libTealium.a */,
				37A75B021B57168900E6E9E2 /* TealiumTests.xctest */,
			);
			name = Products;
			sourceTree = "<group>";
		};
		37EBA2381B57188D0010CB75 /* Tealium Source */ = {
			isa = PBXGroup;
			children = (
				37A75AFA1B57168900E6E9E2 /* Tealium.xcodeproj */,
			);
			name = "Tealium Source";
			sourceTree = "<group>";
		};
		37EBA2481B571CF00010CB75 /* Frameworks */ = {
			isa = PBXGroup;
			children = (
				37EBA23F1B571A960010CB75 /* SystemConfiguration.framework */,
			);
			name = Frameworks;
			sourceTree = "<group>";
		};
/* End PBXGroup section */

/* Begin PBXNativeTarget section */
		37A75AD01B57109E00E6E9E2 /* TealiumTests */ = {
			isa = PBXNativeTarget;
			buildConfigurationList = 37A75AF41B57109E00E6E9E2 /* Build configuration list for PBXNativeTarget "TealiumTests" */;
			buildPhases = (
				37A75ACD1B57109E00E6E9E2 /* Sources */,
				37A75ACE1B57109E00E6E9E2 /* Frameworks */,
				37A75ACF1B57109E00E6E9E2 /* Resources */,
			);
			buildRules = (
			);
			dependencies = (
				37EBA23C1B5718C00010CB75 /* PBXTargetDependency */,
			);
			name = TealiumTests;
			productName = TealiumTests;
			productReference = 37A75AD11B57109E00E6E9E2 /* TealiumTests.app */;
			productType = "com.apple.product-type.application";
		};
		37A75AE91B57109E00E6E9E2 /* TealiumTestsTests */ = {
			isa = PBXNativeTarget;
			buildConfigurationList = 37A75AF71B57109E00E6E9E2 /* Build configuration list for PBXNativeTarget "TealiumTestsTests" */;
			buildPhases = (
				37A75AE61B57109E00E6E9E2 /* Sources */,
				37A75AE71B57109E00E6E9E2 /* Frameworks */,
				37A75AE81B57109E00E6E9E2 /* Resources */,
			);
			buildRules = (
			);
			dependencies = (
				37A75AEC1B57109E00E6E9E2 /* PBXTargetDependency */,
			);
			name = TealiumTestsTests;
			productName = TealiumTestsTests;
			productReference = 37A75AEA1B57109E00E6E9E2 /* TealiumTestsTests.xctest */;
			productType = "com.apple.product-type.bundle.unit-test";
		};
/* End PBXNativeTarget section */

/* Begin PBXProject section */
		37A75AC91B57109E00E6E9E2 /* Project object */ = {
			isa = PBXProject;
			attributes = {
				LastUpgradeCheck = 0640;
				ORGANIZATIONNAME = "Tealium Inc.";
				TargetAttributes = {
					37A75AD01B57109E00E6E9E2 = {
						CreatedOnToolsVersion = 6.4;
					};
					37A75AE91B57109E00E6E9E2 = {
						CreatedOnToolsVersion = 6.4;
						TestTargetID = 37A75AD01B57109E00E6E9E2;
					};
				};
			};
			buildConfigurationList = 37A75ACC1B57109E00E6E9E2 /* Build configuration list for PBXProject "TealiumTests" */;
			compatibilityVersion = "Xcode 3.2";
			developmentRegion = English;
			hasScannedForEncodings = 0;
			knownRegions = (
				en,
				Base,
			);
			mainGroup = 37A75AC81B57109E00E6E9E2;
			productRefGroup = 37A75AD21B57109E00E6E9E2 /* Products */;
			projectDirPath = "";
			projectReferences = (
				{
					ProductGroup = 37A75AFB1B57168900E6E9E2 /* Products */;
					ProjectRef = 37A75AFA1B57168900E6E9E2 /* Tealium.xcodeproj */;
				},
			);
			projectRoot = "";
			targets = (
				37A75AD01B57109E00E6E9E2 /* TealiumTests */,
				37A75AE91B57109E00E6E9E2 /* TealiumTestsTests */,
			);
		};
/* End PBXProject section */

/* Begin PBXReferenceProxy section */
		37A75B001B57168900E6E9E2 /* libTealium.a */ = {
			isa = PBXReferenceProxy;
			fileType = archive.ar;
			path = libTealium.a;
			remoteRef = 37A75AFF1B57168900E6E9E2 /* PBXContainerItemProxy */;
			sourceTree = BUILT_PRODUCTS_DIR;
		};
		37A75B021B57168900E6E9E2 /* TealiumTests.xctest */ = {
			isa = PBXReferenceProxy;
			fileType = wrapper.cfbundle;
			path = TealiumTests.xctest;
			remoteRef = 37A75B011B57168900E6E9E2 /* PBXContainerItemProxy */;
			sourceTree = BUILT_PRODUCTS_DIR;
		};
/* End PBXReferenceProxy section */

/* Begin PBXResourcesBuildPhase section */
		37A75ACF1B57109E00E6E9E2 /* Resources */ = {
			isa = PBXResourcesBuildPhase;
			buildActionMask = 2147483647;
			files = (
				37A75AE01B57109E00E6E9E2 /* Main.storyboard in Resources */,
				37A75AE51B57109E00E6E9E2 /* LaunchScreen.xib in Resources */,
				37A75AE21B57109E00E6E9E2 /* Images.xcassets in Resources */,
			);
			runOnlyForDeploymentPostprocessing = 0;
		};
		37A75AE81B57109E00E6E9E2 /* Resources */ = {
			isa = PBXResourcesBuildPhase;
			buildActionMask = 2147483647;
			files = (
			);
			runOnlyForDeploymentPostprocessing = 0;
		};
/* End PBXResourcesBuildPhase section */

/* Begin PBXSourcesBuildPhase section */
		37A75ACD1B57109E00E6E9E2 /* Sources */ = {
			isa = PBXSourcesBuildPhase;
			buildActionMask = 2147483647;
			files = (
				713248D21B5EAED900543639 /* SecondViewController.m in Sources */,
				713248D71B5EB65F00543639 /* ShowViewTableViewCell.m in Sources */,
				37A75ADA1B57109E00E6E9E2 /* AppDelegate.m in Sources */,
				37A75AD71B57109E00E6E9E2 /* main.m in Sources */,
				71DCA7B71B5968A1001706CF /* APITester.m in Sources */,
			);
			runOnlyForDeploymentPostprocessing = 0;
		};
		37A75AE61B57109E00E6E9E2 /* Sources */ = {
			isa = PBXSourcesBuildPhase;
			buildActionMask = 2147483647;
			files = (
				37EBA24E1B571D4D0010CB75 /* TEALSettingsStoreTests.m in Sources */,
				37EBA24D1B571D4D0010CB75 /* TealiumTests.m in Sources */,
				37A75AF11B57109E00E6E9E2 /* TealiumTestsTests.m in Sources */,
			);
			runOnlyForDeploymentPostprocessing = 0;
		};
/* End PBXSourcesBuildPhase section */

/* Begin PBXTargetDependency section */
		37A75AEC1B57109E00E6E9E2 /* PBXTargetDependency */ = {
			isa = PBXTargetDependency;
			target = 37A75AD01B57109E00E6E9E2 /* TealiumTests */;
			targetProxy = 37A75AEB1B57109E00E6E9E2 /* PBXContainerItemProxy */;
		};
		37EBA23C1B5718C00010CB75 /* PBXTargetDependency */ = {
			isa = PBXTargetDependency;
			name = Tealium;
			targetProxy = 37EBA23B1B5718C00010CB75 /* PBXContainerItemProxy */;
		};
/* End PBXTargetDependency section */

/* Begin PBXVariantGroup section */
		37A75ADE1B57109E00E6E9E2 /* Main.storyboard */ = {
			isa = PBXVariantGroup;
			children = (
				37A75ADF1B57109E00E6E9E2 /* Base */,
			);
			name = Main.storyboard;
			sourceTree = "<group>";
		};
		37A75AE31B57109E00E6E9E2 /* LaunchScreen.xib */ = {
			isa = PBXVariantGroup;
			children = (
				37A75AE41B57109E00E6E9E2 /* Base */,
			);
			name = LaunchScreen.xib;
			sourceTree = "<group>";
		};
/* End PBXVariantGroup section */

/* Begin XCBuildConfiguration section */
		37A75AF21B57109E00E6E9E2 /* Debug */ = {
			isa = XCBuildConfiguration;
			buildSettings = {
				ALWAYS_SEARCH_USER_PATHS = NO;
				CLANG_CXX_LANGUAGE_STANDARD = "gnu++0x";
				CLANG_CXX_LIBRARY = "libc++";
				CLANG_ENABLE_MODULES = YES;
				CLANG_ENABLE_OBJC_ARC = YES;
				CLANG_WARN_BOOL_CONVERSION = YES;
				CLANG_WARN_CONSTANT_CONVERSION = YES;
				CLANG_WARN_DIRECT_OBJC_ISA_USAGE = YES_ERROR;
				CLANG_WARN_EMPTY_BODY = YES;
				CLANG_WARN_ENUM_CONVERSION = YES;
				CLANG_WARN_INT_CONVERSION = YES;
				CLANG_WARN_OBJC_ROOT_CLASS = YES_ERROR;
				CLANG_WARN_UNREACHABLE_CODE = YES;
				CLANG_WARN__DUPLICATE_METHOD_MATCH = YES;
				"CODE_SIGN_IDENTITY[sdk=iphoneos*]" = "iPhone Developer";
				COPY_PHASE_STRIP = NO;
				DEBUG_INFORMATION_FORMAT = "dwarf-with-dsym";
				ENABLE_STRICT_OBJC_MSGSEND = YES;
				GCC_C_LANGUAGE_STANDARD = gnu99;
				GCC_DYNAMIC_NO_PIC = NO;
				GCC_NO_COMMON_BLOCKS = YES;
				GCC_OPTIMIZATION_LEVEL = 0;
				GCC_PREPROCESSOR_DEFINITIONS = (
					"DEBUG=1",
					"$(inherited)",
				);
				GCC_SYMBOLS_PRIVATE_EXTERN = NO;
				GCC_WARN_64_TO_32_BIT_CONVERSION = YES;
				GCC_WARN_ABOUT_RETURN_TYPE = YES_ERROR;
				GCC_WARN_UNDECLARED_SELECTOR = YES;
				GCC_WARN_UNINITIALIZED_AUTOS = YES_AGGRESSIVE;
				GCC_WARN_UNUSED_FUNCTION = YES;
				GCC_WARN_UNUSED_VARIABLE = YES;
				IPHONEOS_DEPLOYMENT_TARGET = 8.4;
				MTL_ENABLE_DEBUG_INFO = YES;
				ONLY_ACTIVE_ARCH = YES;
				SDKROOT = iphoneos;
				TARGETED_DEVICE_FAMILY = "1,2";
			};
			name = Debug;
		};
		37A75AF31B57109E00E6E9E2 /* Release */ = {
			isa = XCBuildConfiguration;
			buildSettings = {
				ALWAYS_SEARCH_USER_PATHS = NO;
				CLANG_CXX_LANGUAGE_STANDARD = "gnu++0x";
				CLANG_CXX_LIBRARY = "libc++";
				CLANG_ENABLE_MODULES = YES;
				CLANG_ENABLE_OBJC_ARC = YES;
				CLANG_WARN_BOOL_CONVERSION = YES;
				CLANG_WARN_CONSTANT_CONVERSION = YES;
				CLANG_WARN_DIRECT_OBJC_ISA_USAGE = YES_ERROR;
				CLANG_WARN_EMPTY_BODY = YES;
				CLANG_WARN_ENUM_CONVERSION = YES;
				CLANG_WARN_INT_CONVERSION = YES;
				CLANG_WARN_OBJC_ROOT_CLASS = YES_ERROR;
				CLANG_WARN_UNREACHABLE_CODE = YES;
				CLANG_WARN__DUPLICATE_METHOD_MATCH = YES;
				"CODE_SIGN_IDENTITY[sdk=iphoneos*]" = "iPhone Developer";
				COPY_PHASE_STRIP = NO;
				DEBUG_INFORMATION_FORMAT = "dwarf-with-dsym";
				ENABLE_NS_ASSERTIONS = NO;
				ENABLE_STRICT_OBJC_MSGSEND = YES;
				GCC_C_LANGUAGE_STANDARD = gnu99;
				GCC_NO_COMMON_BLOCKS = YES;
				GCC_WARN_64_TO_32_BIT_CONVERSION = YES;
				GCC_WARN_ABOUT_RETURN_TYPE = YES_ERROR;
				GCC_WARN_UNDECLARED_SELECTOR = YES;
				GCC_WARN_UNINITIALIZED_AUTOS = YES_AGGRESSIVE;
				GCC_WARN_UNUSED_FUNCTION = YES;
				GCC_WARN_UNUSED_VARIABLE = YES;
				IPHONEOS_DEPLOYMENT_TARGET = 8.4;
				MTL_ENABLE_DEBUG_INFO = NO;
				SDKROOT = iphoneos;
				TARGETED_DEVICE_FAMILY = "1,2";
				VALIDATE_PRODUCT = YES;
			};
			name = Release;
		};
		37A75AF51B57109E00E6E9E2 /* Debug */ = {
			isa = XCBuildConfiguration;
			buildSettings = {
				ASSETCATALOG_COMPILER_APPICON_NAME = AppIcon;
				INFOPLIST_FILE = TealiumTests/Info.plist;
				LD_RUNPATH_SEARCH_PATHS = "$(inherited) @executable_path/Frameworks";
				OTHER_LDFLAGS = "-ObjC";
				PRODUCT_NAME = "$(TARGET_NAME)";
			};
			name = Debug;
		};
		37A75AF61B57109E00E6E9E2 /* Release */ = {
			isa = XCBuildConfiguration;
			buildSettings = {
				ASSETCATALOG_COMPILER_APPICON_NAME = AppIcon;
				INFOPLIST_FILE = TealiumTests/Info.plist;
				LD_RUNPATH_SEARCH_PATHS = "$(inherited) @executable_path/Frameworks";
				OTHER_LDFLAGS = "-ObjC";
				PRODUCT_NAME = "$(TARGET_NAME)";
			};
			name = Release;
		};
		37A75AF81B57109E00E6E9E2 /* Debug */ = {
			isa = XCBuildConfiguration;
			buildSettings = {
				BUNDLE_LOADER = "$(TEST_HOST)";
				FRAMEWORK_SEARCH_PATHS = (
					"$(SDKROOT)/Developer/Library/Frameworks",
					"$(inherited)",
				);
				GCC_PREPROCESSOR_DEFINITIONS = (
					"DEBUG=1",
					"$(inherited)",
				);
				INFOPLIST_FILE = TealiumTestsTests/Info.plist;
				LD_RUNPATH_SEARCH_PATHS = "$(inherited) @executable_path/Frameworks @loader_path/Frameworks";
				PRODUCT_NAME = "$(TARGET_NAME)";
				TEST_HOST = "$(BUILT_PRODUCTS_DIR)/TealiumTests.app/TealiumTests";
			};
			name = Debug;
		};
		37A75AF91B57109E00E6E9E2 /* Release */ = {
			isa = XCBuildConfiguration;
			buildSettings = {
				BUNDLE_LOADER = "$(TEST_HOST)";
				FRAMEWORK_SEARCH_PATHS = (
					"$(SDKROOT)/Developer/Library/Frameworks",
					"$(inherited)",
				);
				INFOPLIST_FILE = TealiumTestsTests/Info.plist;
				LD_RUNPATH_SEARCH_PATHS = "$(inherited) @executable_path/Frameworks @loader_path/Frameworks";
				PRODUCT_NAME = "$(TARGET_NAME)";
				TEST_HOST = "$(BUILT_PRODUCTS_DIR)/TealiumTests.app/TealiumTests";
			};
			name = Release;
		};
/* End XCBuildConfiguration section */

/* Begin XCConfigurationList section */
		37A75ACC1B57109E00E6E9E2 /* Build configuration list for PBXProject "TealiumTests" */ = {
			isa = XCConfigurationList;
			buildConfigurations = (
				37A75AF21B57109E00E6E9E2 /* Debug */,
				37A75AF31B57109E00E6E9E2 /* Release */,
			);
			defaultConfigurationIsVisible = 0;
			defaultConfigurationName = Release;
		};
		37A75AF41B57109E00E6E9E2 /* Build configuration list for PBXNativeTarget "TealiumTests" */ = {
			isa = XCConfigurationList;
			buildConfigurations = (
				37A75AF51B57109E00E6E9E2 /* Debug */,
				37A75AF61B57109E00E6E9E2 /* Release */,
			);
			defaultConfigurationIsVisible = 0;
			defaultConfigurationName = Release;
		};
		37A75AF71B57109E00E6E9E2 /* Build configuration list for PBXNativeTarget "TealiumTestsTests" */ = {
			isa = XCConfigurationList;
			buildConfigurations = (
				37A75AF81B57109E00E6E9E2 /* Debug */,
				37A75AF91B57109E00E6E9E2 /* Release */,
			);
			defaultConfigurationIsVisible = 0;
			defaultConfigurationName = Release;
		};
/* End XCConfigurationList section */
	};
	rootObject = 37A75AC91B57109E00E6E9E2 /* Project object */;
}
