<?xml version="1.0" encoding="UTF-8"?>
<Scheme
   LastUpgradeVersion = "0720"
   version = "1.3">
   <BuildAction
      parallelizeBuildables = "YES"
      buildImplicitDependencies = "YES">
      <BuildActionEntries>
         <BuildActionEntry
            buildForTesting = "YES"
            buildForRunning = "YES"
            buildForProfiling = "YES"
            buildForArchiving = "YES"
            buildForAnalyzing = "YES">
            <BuildableReference
               BuildableIdentifier = "primary"
               BlueprintIdentifier = "5356823918F3656900BAAD62"
               BuildableName = "UIKitCatalog.app"
               BlueprintName = "UIKitCatalog_Source"
               ReferencedContainer = "container:UIKitCatalog.xcodeproj">
            </BuildableReference>
         </BuildActionEntry>
      </BuildActionEntries>
   </BuildAction>
   <TestAction
      buildConfiguration = "Debug"
      selectedDebuggerIdentifier = "Xcode.DebuggerFoundation.Debugger.LLDB"
      selectedLauncherIdentifier = "Xcode.DebuggerFoundation.Launcher.LLDB"
      shouldUseLaunchSchemeArgsEnv = "NO">
      <Testables>
         <TestableReference
            skipped = "NO">
            <BuildableReference
               BuildableIdentifier = "primary"
               BlueprintIdentifier = "718546D91C2876C3009CF93E"
               BuildableName = "5.x_SourceTests.xctest"
               BlueprintName = "5.x_SourceTests"
               ReferencedContainer = "container:UIKitCatalog.xcodeproj">
            </BuildableReference>
            <SkippedTests>
               <Test
                  Identifier = "TEALRemoteCommandManagerTests/testTriggerRemoteCommand">
               </Test>
               <Test
                  Identifier = "TealiumConfigurationsTests/testAnything">
               </Test>
               <Test
                  Identifier = "TealiumPrivateAPITests/testDisable">
               </Test>
               <Test
                  Identifier = "TealiumTrackTests/testEventDispatchSendNow">
               </Test>
               <Test
                  Identifier = "TealiumTrackTests/testEventDispatchWithNoDispatchServices">
               </Test>
               <Test
                  Identifier = "TealiumTrackTests/testTrackEventDispatchWithTitleAndData">
               </Test>
               <Test
                  Identifier = "TealiumTrackTests/testTrackEventsNoTitleNoData">
               </Test>
               <Test
                  Identifier = "TealiumTrackTests/testTrackViews">
               </Test>
               <Test
                  Identifier = "TealiumTrackTests/testViewDispatchSendNow">
               </Test>
               <Test
                  Identifier = "Tealium_CollectConfigurationTests/testTrackBatchEvents">
               </Test>
               <Test
                  Identifier = "Tealium_CollectPublicAPITests/testFetchVisitorProfileWithCompletionAndCachedVisitorProfile">
               </Test>
               <Test
                  Identifier = "Tealium_TagManagementPublicAPITests/testRemoveCommandBlockFromRemoteCommandManager">
               </Test>
               <Test
                  Identifier = "__x_FrameworkUITests">
               </Test>
            </SkippedTests>
         </TestableReference>
         <TestableReference
            skipped = "NO">
            <BuildableReference
               BuildableIdentifier = "primary"
               BlueprintIdentifier = "712BAF321C29BED4007767CD"
               BuildableName = "UIKitCatalogUITests.xctest"
               BlueprintName = "UIKitCatalogUITests"
               ReferencedContainer = "container:UIKitCatalog.xcodeproj">
            </BuildableReference>
            <SkippedTests>
               <Test
                  Identifier = "UIKitCatalogUITests/testButtons">
               </Test>
               <Test
                  Identifier = "UIKitCatalogUITests/testMultiLaunch">
               </Test>
            </SkippedTests>
         </TestableReference>
      </Testables>
      <MacroExpansion>
         <BuildableReference
            BuildableIdentifier = "primary"
            BlueprintIdentifier = "5356823918F3656900BAAD62"
            BuildableName = "UIKitCatalog.app"
            BlueprintName = "UIKitCatalog_Source"
            ReferencedContainer = "container:UIKitCatalog.xcodeproj">
         </BuildableReference>
      </MacroExpansion>
      <EnvironmentVariables>
         <EnvironmentVariable
            key = "TESTING"
            value = "1"
            isEnabled = "YES">
         </EnvironmentVariable>
      </EnvironmentVariables>
      <AdditionalOptions>
      </AdditionalOptions>
   </TestAction>
   <LaunchAction
      buildConfiguration = "Debug"
      selectedDebuggerIdentifier = "Xcode.DebuggerFoundation.Debugger.LLDB"
      selectedLauncherIdentifier = "Xcode.DebuggerFoundation.Launcher.LLDB"
      launchStyle = "0"
      useCustomWorkingDirectory = "NO"
      ignoresPersistentStateOnLaunch = "NO"
      debugDocumentVersioning = "YES"
      debugServiceExtension = "internal"
      allowLocationSimulation = "YES">
      <BuildableProductRunnable
         runnableDebuggingMode = "0">
         <BuildableReference
            BuildableIdentifier = "primary"
            BlueprintIdentifier = "5356823918F3656900BAAD62"
            BuildableName = "UIKitCatalog.app"
            BlueprintName = "UIKitCatalog_Source"
            ReferencedContainer = "container:UIKitCatalog.xcodeproj">
         </BuildableReference>
      </BuildableProductRunnable>
      <AdditionalOptions>
      </AdditionalOptions>
   </LaunchAction>
   <ProfileAction
      buildConfiguration = "Release"
      shouldUseLaunchSchemeArgsEnv = "YES"
      savedToolIdentifier = ""
      useCustomWorkingDirectory = "NO"
      debugDocumentVersioning = "YES">
      <BuildableProductRunnable
         runnableDebuggingMode = "0">
         <BuildableReference
            BuildableIdentifier = "primary"
            BlueprintIdentifier = "5356823918F3656900BAAD62"
            BuildableName = "UIKitCatalog.app"
            BlueprintName = "UIKitCatalog_Source"
            ReferencedContainer = "container:UIKitCatalog.xcodeproj">
         </BuildableReference>
      </BuildableProductRunnable>
   </ProfileAction>
   <AnalyzeAction
      buildConfiguration = "Debug">
   </AnalyzeAction>
   <ArchiveAction
      buildConfiguration = "Release"
      revealArchiveInOrganizer = "YES">
   </ArchiveAction>
</Scheme>
